<?xml version="1.0" encoding="UTF-8"?>
<CONFIG>
  <ProjectOptions>
    <Version Value="12"/>
    <PathDelim Value="\"/>
    <General>
      <Title Value="LittleRedRidingHood"/>
      <ResourceType Value="res"/>
      <ActiveWindowIndexAtStart Value="1"/>
    </General>
    <i18n>
      <EnableI18N Value="True" LFM="False"/>
      <OutDir Value="Binary\Data\Languages"/>
    </i18n>
    <VersionInfo>
      <UseVersionInfo Value="True"/>
      <MinorVersionNr Value="4"/>
      <RevisionNr Value="1"/>
    </VersionInfo>
    <BuildModes Active="Debug">
      <Item Name="Debug" Default="True"/>
      <Item Name="Release">
        <CompilerOptions>
          <Version Value="11"/>
          <PathDelim Value="\"/>
          <Target>
            <Filename Value="Binary\LittleRedRidingHood"/>
          </Target>
          <SearchPaths>
            <IncludeFiles Value="$(ProjOutDir)"/>
            <OtherUnitFiles Value="..\UnitsCommon;Units;..\ALSound\source;Units\SpriteDef"/>
            <UnitOutputDirectory Value="lib\$(TargetCPU)-$(TargetOS)"/>
          </SearchPaths>
          <CodeGeneration>
            <SmartLinkUnit Value="True"/>
            <Optimizations>
              <OptimizationLevel Value="3"/>
              <VariablesInRegisters Value="True"/>
            </Optimizations>
          </CodeGeneration>
          <Linking>
            <Debugging>
              <GenerateDebugInfo Value="False"/>
              <DebugInfoType Value="dsDwarf2Set"/>
              <TrashVariables Value="True"/>
              <StripSymbols Value="True"/>
            </Debugging>
            <LinkSmart Value="True"/>
            <Options>
              <Win32>
                <GraphicApplication Value="True"/>
              </Win32>
            </Options>
          </Linking>
        </CompilerOptions>
      </Item>
    </BuildModes>
    <PublishOptions>
      <Version Value="2"/>
    </PublishOptions>
    <RunParams>
      <FormatVersion Value="2"/>
      <Modes>
        <Mode Name="default"/>
      </Modes>
    </RunParams>
    <RequiredPackages>
      <Item>
        <PackageName Value="OGLCScenePackage"/>
      </Item>
      <Item>
        <PackageName Value="LazOpenGLContext"/>
      </Item>
      <Item>
        <PackageName Value="BGRABitmapPack"/>
        <MinVersion Major="9" Valid="True"/>
      </Item>
      <Item>
        <PackageName Value="LazUtils"/>
      </Item>
      <Item>
        <PackageName Value="LCL"/>
      </Item>
    </RequiredPackages>
    <Units>
      <Unit>
        <Filename Value="LittleRedRidingHood.lpr"/>
        <IsPartOfProject Value="True"/>
        <EditorIndex Value="25"/>
        <TopLine Value="12"/>
        <CursorPos X="28" Y="25"/>
        <UsageCount Value="200"/>
        <Loaded Value="True"/>
      </Unit>
      <Unit>
        <Filename Value="Units\form_main.pas"/>
        <IsPartOfProject Value="True"/>
        <ComponentName Value="FormMain"/>
        <HasResources Value="True"/>
        <ResourceBaseClass Value="Form"/>
        <CursorPos X="66" Y="8"/>
        <UsageCount Value="200"/>
        <Loaded Value="True"/>
        <LoadedDesigner Value="True"/>
      </Unit>
      <Unit>
        <Filename Value="Units\u_screen_title.pas"/>
        <IsPartOfProject Value="True"/>
        <EditorIndex Value="6"/>
        <WindowIndex Value="1"/>
        <TopLine Value="88"/>
        <CursorPos X="30" Y="93"/>
        <UsageCount Value="204"/>
        <Loaded Value="True"/>
      </Unit>
      <Unit>
        <Filename Value="Units\u_common.pas"/>
        <IsPartOfProject Value="True"/>
        <EditorIndex Value="29"/>
        <TopLine Value="7"/>
        <CursorPos X="21" Y="26"/>
        <UsageCount Value="200"/>
        <Loaded Value="True"/>
      </Unit>
      <Unit>
        <Filename Value="Units\u_app.pas"/>
        <IsPartOfProject Value="True"/>
        <EditorIndex Value="32"/>
        <TopLine Value="1507"/>
        <CursorPos X="17" Y="1520"/>
        <UsageCount Value="200"/>
        <Loaded Value="True"/>
      </Unit>
      <Unit>
        <Filename Value="Units\u_sprite_lrcommon.pas"/>
        <IsPartOfProject Value="True"/>
        <EditorIndex Value="5"/>
        <TopLine Value="453"/>
        <CursorPos X="52" Y="465"/>
        <UsageCount Value="200"/>
        <Loaded Value="True"/>
      </Unit>
      <Unit>
        <Filename Value="Units\u_sprite_wolf.pas"/>
        <IsPartOfProject Value="True"/>
        <EditorIndex Value="4"/>
        <TopLine Value="342"/>
        <CursorPos X="29" Y="356"/>
        <UsageCount Value="203"/>
        <Loaded Value="True"/>
      </Unit>
      <Unit>
        <Filename Value="Units\u_screen_gameforest.pas"/>
        <IsPartOfProject Value="True"/>
        <EditorIndex Value="1"/>
        <WindowIndex Value="1"/>
        <TopLine Value="235"/>
        <CursorPos X="68" Y="254"/>
        <UsageCount Value="200"/>
        <Loaded Value="True"/>
      </Unit>
      <Unit>
        <Filename Value="Units\u_sprite_gameforest.pas"/>
        <IsPartOfProject Value="True"/>
        <WindowIndex Value="1"/>
        <TopLine Value="753"/>
        <CursorPos X="17" Y="766"/>
        <UsageCount Value="208"/>
        <Loaded Value="True"/>
      </Unit>
      <Unit>
        <Filename Value="Units\geometricshapes.pas"/>
        <UnitName Value="GeometricShapes"/>
        <EditorIndex Value="4"/>
        <WindowIndex Value="1"/>
        <TopLine Value="51"/>
        <CursorPos X="56" Y="58"/>
        <UsageCount Value="100"/>
        <Loaded Value="True"/>
      </Unit>
      <Unit>
        <Filename Value="Units\screen_logo.pas"/>
        <IsPartOfProject Value="True"/>
        <EditorIndex Value="5"/>
        <WindowIndex Value="1"/>
        <TopLine Value="71"/>
        <CursorPos X="20" Y="86"/>
        <UsageCount Value="201"/>
        <Loaded Value="True"/>
      </Unit>
      <Unit>
        <Filename Value="Units\u_common_ui.pas"/>
        <IsPartOfProject Value="True"/>
        <EditorIndex Value="30"/>
        <TopLine Value="314"/>
        <CursorPos X="3" Y="317"/>
        <UsageCount Value="200"/>
        <Loaded Value="True"/>
      </Unit>
      <Unit>
        <Filename Value="Units\u_gamebackground.pas"/>
        <IsPartOfProject Value="True"/>
        <EditorIndex Value="2"/>
        <TopLine Value="48"/>
        <CursorPos X="25" Y="58"/>
        <UsageCount Value="205"/>
        <Loaded Value="True"/>
      </Unit>
      <Unit>
        <Filename Value="Units\u_resourcestring.pas"/>
        <IsPartOfProject Value="True"/>
        <EditorIndex Value="3"/>
        <WindowIndex Value="1"/>
        <TopLine Value="833"/>
        <CursorPos Y="855"/>
        <UsageCount Value="201"/>
        <Loaded Value="True"/>
      </Unit>
      <Unit>
        <Filename Value="Units\u_screen_map.pas"/>
        <IsPartOfProject Value="True"/>
        <EditorIndex Value="31"/>
        <TopLine Value="488"/>
        <CursorPos X="103" Y="500"/>
        <UsageCount Value="200"/>
        <Loaded Value="True"/>
      </Unit>
      <Unit>
        <Filename Value="Units\u_ui_panels.pas"/>
        <IsPartOfProject Value="True"/>
        <EditorIndex Value="10"/>
        <TopLine Value="97"/>
        <CursorPos X="15" Y="86"/>
        <UsageCount Value="200"/>
        <Loaded Value="True"/>
      </Unit>
      <Unit>
        <Filename Value="Units\u_audio.pas"/>
        <IsPartOfProject Value="True"/>
        <EditorIndex Value="1"/>
        <TopLine Value="46"/>
        <CursorPos X="13" Y="57"/>
        <UsageCount Value="200"/>
        <Loaded Value="True"/>
      </Unit>
      <Unit>
        <Filename Value="..\ALSound\source\alsound.pas"/>
        <UnitName Value="ALSound"/>
        <EditorIndex Value="33"/>
        <WindowIndex Value="2"/>
        <TopLine Value="286"/>
        <CursorPos X="40" Y="301"/>
        <UsageCount Value="100"/>
        <Loaded Value="True"/>
      </Unit>
      <Unit>
        <Filename Value="Units\u_screen_workshop.pas"/>
        <IsPartOfProject Value="True"/>
        <IsVisibleTab Value="True"/>
        <EditorIndex Value="9"/>
        <WindowIndex Value="1"/>
        <TopLine Value="186"/>
        <CursorPos X="3" Y="200"/>
        <UsageCount Value="200"/>
        <Loaded Value="True"/>
      </Unit>
      <Unit>
        <Filename Value="Units\u_mousepointer.pas"/>
        <IsPartOfProject Value="True"/>
        <EditorIndex Value="15"/>
        <WindowIndex Value="1"/>
        <TopLine Value="13"/>
        <CursorPos X="38" Y="30"/>
        <UsageCount Value="200"/>
        <Loaded Value="True"/>
      </Unit>
      <Unit>
        <Filename Value="Units\u_screen_gamemountainpeaks.pas"/>
        <IsPartOfProject Value="True"/>
        <EditorIndex Value="2"/>
        <WindowIndex Value="1"/>
        <TopLine Value="440"/>
        <CursorPos X="17" Y="454"/>
        <UsageCount Value="203"/>
        <Loaded Value="True"/>
      </Unit>
      <Unit>
        <Filename Value="Units\u_screen_gamevolcanoentrance.pas"/>
        <IsPartOfProject Value="True"/>
        <EditorIndex Value="12"/>
        <WindowIndex Value="1"/>
        <TopLine Value="322"/>
        <CursorPos X="66" Y="335"/>
        <UsageCount Value="200"/>
        <Loaded Value="True"/>
      </Unit>
      <Unit>
        <Filename Value="Units\u_sprite_lr4dir.pas"/>
        <IsPartOfProject Value="True"/>
        <EditorIndex Value="3"/>
        <TopLine Value="435"/>
        <CursorPos X="66" Y="447"/>
        <UsageCount Value="200"/>
        <Loaded Value="True"/>
      </Unit>
      <Unit>
        <Filename Value="Units\u_screen_gamevolcanoinner.pas"/>
        <IsPartOfProject Value="True"/>
        <EditorIndex Value="11"/>
        <WindowIndex Value="1"/>
        <TopLine Value="2531"/>
        <CursorPos X="71" Y="60"/>
        <UsageCount Value="225"/>
        <Loaded Value="True"/>
      </Unit>
      <Unit>
        <Filename Value="..\OGLCScene\source\OGLCScene.pas"/>
        <WindowIndex Value="2"/>
        <TopLine Value="1738"/>
        <CursorPos Y="1755"/>
        <UsageCount Value="102"/>
        <Loaded Value="True"/>
      </Unit>
      <Unit>
        <Filename Value="..\OGLCScene\source\oglcUtils.inc"/>
        <EditorIndex Value="28"/>
        <WindowIndex Value="2"/>
        <TopLine Value="433"/>
        <CursorPos X="3" Y="437"/>
        <UsageCount Value="102"/>
        <Loaded Value="True"/>
      </Unit>
      <Unit>
        <Filename Value="..\ALSound\source\als_effectpresets.inc"/>
        <EditorIndex Value="34"/>
        <WindowIndex Value="2"/>
        <TopLine Value="1038"/>
        <CursorPos X="46" Y="1056"/>
        <UsageCount Value="101"/>
        <Loaded Value="True"/>
      </Unit>
      <Unit>
        <Filename Value="..\OGLCScene\source\oglcVelocityCurve.inc"/>
        <EditorIndex Value="31"/>
        <WindowIndex Value="2"/>
        <TopLine Value="464"/>
        <CursorPos X="48" Y="474"/>
        <UsageCount Value="100"/>
        <Loaded Value="True"/>
      </Unit>
      <Unit>
        <Filename Value="..\OGLCScene\source\oglcSurface.inc"/>
        <EditorIndex Value="24"/>
        <WindowIndex Value="2"/>
        <TopLine Value="850"/>
        <CursorPos Y="857"/>
        <UsageCount Value="100"/>
        <Loaded Value="True"/>
      </Unit>
      <Unit>
        <Filename Value="..\OGLCScene\source\oglcUI.inc"/>
        <EditorIndex Value="11"/>
        <WindowIndex Value="2"/>
        <TopLine Value="428"/>
        <CursorPos X="17" Y="442"/>
        <UsageCount Value="102"/>
        <Loaded Value="True"/>
      </Unit>
      <Unit>
        <Filename Value="..\OGLCScene\source\oglcSpriteTemplate.inc"/>
        <EditorIndex Value="37"/>
        <WindowIndex Value="2"/>
        <TopLine Value="143"/>
        <CursorPos X="58" Y="154"/>
        <UsageCount Value="100"/>
        <Loaded Value="True"/>
      </Unit>
      <Unit>
        <Filename Value="..\OGLCScene\source\oglcTileEngine.inc"/>
        <EditorIndex Value="5"/>
        <WindowIndex Value="2"/>
        <TopLine Value="323"/>
        <CursorPos X="21" Y="335"/>
        <UsageCount Value="104"/>
        <Loaded Value="True"/>
      </Unit>
      <Unit>
        <Filename Value="Units\u_screen_gamevolcanodino.pas"/>
        <IsPartOfProject Value="True"/>
        <EditorIndex Value="13"/>
        <WindowIndex Value="1"/>
        <TopLine Value="1999"/>
        <CursorPos X="50" Y="2009"/>
        <UsageCount Value="202"/>
        <Loaded Value="True"/>
      </Unit>
      <Unit>
        <Filename Value="..\OGLCScene\source\oglcTexturedFont.inc"/>
        <EditorIndex Value="30"/>
        <WindowIndex Value="2"/>
        <TopLine Value="231"/>
        <CursorPos X="18" Y="243"/>
        <UsageCount Value="100"/>
        <Loaded Value="True"/>
      </Unit>
      <Unit>
        <Filename Value="..\OGLCScene\source\oglcType.inc"/>
        <EditorIndex Value="27"/>
        <WindowIndex Value="2"/>
        <TopLine Value="231"/>
        <CursorPos X="27" Y="242"/>
        <UsageCount Value="100"/>
        <Loaded Value="True"/>
      </Unit>
      <Unit>
        <Filename Value="..\OGLCScene\source\oglcUIModalPanel.inc"/>
        <EditorIndex Value="35"/>
        <WindowIndex Value="2"/>
        <TopLine Value="170"/>
        <CursorPos Y="187"/>
        <UsageCount Value="100"/>
        <Loaded Value="True"/>
      </Unit>
      <Unit>
        <Filename Value="..\OGLCScene\source\oglcTexture.inc"/>
        <EditorIndex Value="21"/>
        <WindowIndex Value="2"/>
        <TopLine Value="14"/>
        <CursorPos X="31" Y="26"/>
        <UsageCount Value="103"/>
        <Loaded Value="True"/>
      </Unit>
      <Unit>
        <Filename Value="..\OGLCScene\source\oglcDeformationGrid.inc"/>
        <EditorIndex Value="36"/>
        <WindowIndex Value="2"/>
        <TopLine Value="203"/>
        <CursorPos X="10" Y="215"/>
        <UsageCount Value="100"/>
        <Loaded Value="True"/>
      </Unit>
      <Unit>
        <Filename Value="..\OGLCScene\source\oglcParticle.inc"/>
        <EditorIndex Value="4"/>
        <WindowIndex Value="2"/>
        <TopLine Value="308"/>
        <CursorPos X="21" Y="320"/>
        <UsageCount Value="100"/>
        <Loaded Value="True"/>
      </Unit>
      <Unit>
        <Filename Value="..\OGLCScene\source\gl_core_matrix.inc"/>
        <EditorIndex Value="26"/>
        <WindowIndex Value="2"/>
        <TopLine Value="175"/>
        <CursorPos X="60" Y="187"/>
        <UsageCount Value="101"/>
        <Loaded Value="True"/>
      </Unit>
      <Unit>
        <Filename Value="..\OGLCScene\source\oglcLayer.inc"/>
        <EditorIndex Value="7"/>
        <WindowIndex Value="2"/>
        <TopLine Value="363"/>
        <CursorPos X="50" Y="366"/>
        <UsageCount Value="101"/>
        <Loaded Value="True"/>
      </Unit>
      <Unit>
        <Filename Value="..\OGLCScene\source\oglcPath.inc"/>
        <EditorIndex Value="38"/>
        <WindowIndex Value="2"/>
        <TopLine Value="444"/>
        <CursorPos X="3" Y="449"/>
        <UsageCount Value="100"/>
        <Loaded Value="True"/>
      </Unit>
      <Unit>
        <Filename Value="Units\u_sprite_def.pas"/>
        <IsPartOfProject Value="True"/>
        <IsVisibleTab Value="True"/>
        <EditorIndex Value="6"/>
        <TopLine Value="1290"/>
        <CursorPos X="9" Y="1302"/>
        <UsageCount Value="200"/>
        <Loaded Value="True"/>
      </Unit>
      <Unit>
        <Filename Value="..\OGLCScene\source\oglcCamera.inc"/>
        <EditorIndex Value="25"/>
        <WindowIndex Value="2"/>
        <TopLine Value="80"/>
        <CursorPos X="13" Y="93"/>
        <UsageCount Value="101"/>
        <Loaded Value="True"/>
      </Unit>
      <Unit>
        <Filename Value="..\OGLCScene\source\oglcTextureAtlas.inc"/>
        <EditorIndex Value="32"/>
        <WindowIndex Value="2"/>
        <TopLine Value="30"/>
        <CursorPos X="19" Y="36"/>
        <UsageCount Value="100"/>
        <Loaded Value="True"/>
      </Unit>
      <Unit>
        <Filename Value="..\OGLCScene\source\oglcMultiRendererFactory.inc"/>
        <EditorIndex Value="19"/>
        <WindowIndex Value="2"/>
        <TopLine Value="1801"/>
        <CursorPos Y="1814"/>
        <UsageCount Value="101"/>
        <Loaded Value="True"/>
      </Unit>
      <Unit>
        <Filename Value="Units\u_gamescreentemplate.pas"/>
        <IsPartOfProject Value="True"/>
        <EditorIndex Value="11"/>
        <TopLine Value="34"/>
        <CursorPos Y="51"/>
        <UsageCount Value="200"/>
        <Loaded Value="True"/>
      </Unit>
      <Unit>
        <Filename Value="Units\u_weather_effects.pas"/>
        <IsPartOfProject Value="True"/>
        <EditorIndex Value="-1"/>
        <CursorPos X="31" Y="30"/>
        <UsageCount Value="200"/>
      </Unit>
      <Unit>
        <Filename Value="Units\u_lr4_usable_object.pas"/>
        <IsPartOfProject Value="True"/>
        <EditorIndex Value="8"/>
        <TopLine Value="332"/>
        <CursorPos X="35" Y="345"/>
        <UsageCount Value="203"/>
        <Loaded Value="True"/>
      </Unit>
      <Unit>
        <Filename Value="Units\u_utils.pas"/>
        <IsPartOfProject Value="True"/>
        <EditorIndex Value="9"/>
        <TopLine Value="6"/>
        <CursorPos Y="20"/>
        <UsageCount Value="201"/>
        <Loaded Value="True"/>
      </Unit>
      <Unit>
        <Filename Value="..\OGLCScene\source\oglcShader.inc"/>
        <EditorIndex Value="22"/>
        <WindowIndex Value="2"/>
        <TopLine Value="39"/>
        <CursorPos Y="52"/>
        <UsageCount Value="100"/>
        <Loaded Value="True"/>
      </Unit>
      <Unit>
        <Filename Value="..\OGLCScene\source\oglcUIClipping.inc"/>
        <EditorIndex Value="6"/>
        <WindowIndex Value="2"/>
        <TopLine Value="265"/>
        <CursorPos X="23" Y="277"/>
        <UsageCount Value="100"/>
        <Loaded Value="True"/>
      </Unit>
      <Unit>
        <Filename Value="..\OGLCScene\source\oglcScreenTemplate.inc"/>
        <EditorIndex Value="18"/>
        <WindowIndex Value="2"/>
        <TopLine Value="60"/>
        <CursorPos X="3" Y="71"/>
        <UsageCount Value="100"/>
        <Loaded Value="True"/>
      </Unit>
      <Unit>
        <Filename Value="Units\u_sprite_granny.pas"/>
        <IsPartOfProject Value="True"/>
        <EditorIndex Value="8"/>
        <WindowIndex Value="1"/>
        <TopLine Value="194"/>
        <CursorPos X="28" Y="200"/>
        <UsageCount Value="200"/>
        <Loaded Value="True"/>
      </Unit>
      <Unit>
        <Filename Value="Units\u_screen_intro.pas"/>
        <IsPartOfProject Value="True"/>
        <EditorIndex Value="7"/>
        <WindowIndex Value="1"/>
        <TopLine Value="28"/>
        <CursorPos X="31" Y="41"/>
        <UsageCount Value="210"/>
        <Loaded Value="True"/>
      </Unit>
      <Unit>
        <Filename Value="..\OGLCScene\source\oglcEnvironment.inc"/>
        <EditorIndex Value="39"/>
        <WindowIndex Value="2"/>
        <CursorPos Y="65"/>
        <UsageCount Value="100"/>
        <Loaded Value="True"/>
      </Unit>
      <Unit>
        <Filename Value="..\OGLCScene\source\oglcFreeText.inc"/>
        <EditorIndex Value="10"/>
        <WindowIndex Value="2"/>
        <TopLine Value="7"/>
        <CursorPos X="7" Y="22"/>
        <UsageCount Value="105"/>
        <Loaded Value="True"/>
      </Unit>
      <Unit>
        <Filename Value="..\OGLCScene\source\oglcBorderAndFill.inc"/>
        <EditorIndex Value="17"/>
        <WindowIndex Value="2"/>
        <TopLine Value="456"/>
        <CursorPos X="32" Y="467"/>
        <UsageCount Value="101"/>
        <Loaded Value="True"/>
      </Unit>
      <Unit>
        <Filename Value="..\OGLCScene\source\oglcAppSaveUtils.inc"/>
        <EditorIndex Value="23"/>
        <WindowIndex Value="2"/>
        <TopLine Value="44"/>
        <CursorPos Y="61"/>
        <UsageCount Value="101"/>
        <Loaded Value="True"/>
      </Unit>
      <Unit>
        <Filename Value="..\OGLCScene\source\oglcGlow.inc"/>
        <EditorIndex Value="15"/>
        <WindowIndex Value="2"/>
        <TopLine Value="132"/>
        <CursorPos Y="149"/>
        <UsageCount Value="101"/>
        <Loaded Value="True"/>
      </Unit>
      <Unit>
        <Filename Value="Units\screen_gameplainmoon.pas"/>
        <IsPartOfProject Value="True"/>
        <EditorIndex Value="16"/>
        <WindowIndex Value="1"/>
        <TopLine Value="2025"/>
        <CursorPos X="3" Y="2029"/>
        <UsageCount Value="204"/>
        <Loaded Value="True"/>
      </Unit>
      <Unit>
        <Filename Value="Units\u_postprocessing_watermirror.pas"/>
        <IsPartOfProject Value="True"/>
        <EditorIndex Value="26"/>
        <TopLine Value="93"/>
        <CursorPos X="38" Y="94"/>
        <UsageCount Value="200"/>
        <Loaded Value="True"/>
      </Unit>
      <Unit>
        <Filename Value="Units\u_procedural_starnest.pas"/>
        <IsPartOfProject Value="True"/>
        <EditorIndex Value="19"/>
        <TopLine Value="385"/>
        <CursorPos X="28" Y="398"/>
        <UsageCount Value="200"/>
        <Loaded Value="True"/>
      </Unit>
      <Unit>
        <Filename Value="Units\u_proceduralplanet.pas"/>
        <IsPartOfProject Value="True"/>
        <UnitName Value="u_ProceduralPlanet"/>
        <EditorIndex Value="27"/>
        <TopLine Value="559"/>
        <CursorPos X="28" Y="572"/>
        <UsageCount Value="200"/>
        <Loaded Value="True"/>
      </Unit>
      <Unit>
        <Filename Value="Units\u_proceduralcloud.pas"/>
        <IsPartOfProject Value="True"/>
        <EditorIndex Value="22"/>
        <TopLine Value="147"/>
        <CursorPos X="21" Y="159"/>
        <UsageCount Value="200"/>
        <Loaded Value="True"/>
      </Unit>
      <Unit>
        <Filename Value="..\OGLCScene\source\oglcElectricalFX.inc"/>
        <EditorIndex Value="16"/>
        <WindowIndex Value="2"/>
        <TopLine Value="362"/>
        <CursorPos X="37" Y="373"/>
        <UsageCount Value="101"/>
        <Loaded Value="True"/>
      </Unit>
      <Unit>
        <Filename Value="..\OGLCScene\source\oglcSurfaceWithProceduralShader.inc"/>
        <EditorIndex Value="14"/>
        <WindowIndex Value="2"/>
        <TopLine Value="8"/>
        <CursorPos X="21" Y="21"/>
        <UsageCount Value="101"/>
        <Loaded Value="True"/>
      </Unit>
      <Unit>
        <Filename Value="Units\screen_gameplainmooninside.pas"/>
        <IsPartOfProject Value="True"/>
        <EditorIndex Value="17"/>
        <WindowIndex Value="1"/>
        <TopLine Value="508"/>
        <CursorPos X="15" Y="522"/>
        <UsageCount Value="204"/>
        <Loaded Value="True"/>
      </Unit>
      <Unit>
        <Filename Value="..\OGLCScene\source\oglcCollisionBody.inc"/>
        <EditorIndex Value="12"/>
        <WindowIndex Value="2"/>
        <TopLine Value="45"/>
        <CursorPos X="8" Y="53"/>
        <UsageCount Value="100"/>
        <Loaded Value="True"/>
      </Unit>
      <Unit>
        <Filename Value="..\OGLCScene\source\oglcMessage.inc"/>
        <EditorIndex Value="9"/>
        <WindowIndex Value="2"/>
        <CursorPos Y="16"/>
        <UsageCount Value="101"/>
        <Loaded Value="True"/>
      </Unit>
      <Unit>
        <Filename Value="..\OGLCScene\source\oglcMath.inc"/>
        <EditorIndex Value="29"/>
        <WindowIndex Value="2"/>
        <TopLine Value="31"/>
        <CursorPos X="62" Y="43"/>
        <UsageCount Value="102"/>
        <Loaded Value="True"/>
      </Unit>
      <Unit>
        <Filename Value="..\OGLCScene\source\oglcFXExplodeTexture.inc"/>
        <EditorIndex Value="8"/>
        <WindowIndex Value="2"/>
        <TopLine Value="66"/>
        <CursorPos X="27" Y="82"/>
        <UsageCount Value="100"/>
        <Loaded Value="True"/>
      </Unit>
      <Unit>
        <Filename Value="..\OGLCScene\source\oglcFXScrolledSprite.inc"/>
        <EditorIndex Value="20"/>
        <WindowIndex Value="2"/>
        <TopLine Value="187"/>
        <CursorPos X="15" Y="198"/>
        <UsageCount Value="100"/>
        <Loaded Value="True"/>
      </Unit>
      <Unit>
        <Filename Value="Units\u_screen_gamemermaidsport.pas"/>
        <IsPartOfProject Value="True"/>
        <EditorIndex Value="14"/>
        <WindowIndex Value="1"/>
        <TopLine Value="1731"/>
        <CursorPos X="9" Y="1744"/>
        <UsageCount Value="202"/>
        <Loaded Value="True"/>
      </Unit>
      <Unit>
        <Filename Value="Units\u_screen_forest_amara.pas"/>
        <EditorIndex Value="-1"/>
        <WindowIndex Value="1"/>
        <CursorPos X="51" Y="393"/>
        <UsageCount Value="48"/>
      </Unit>
      <Unit>
        <Filename Value="Units\u_sprite_def2.pas"/>
        <IsPartOfProject Value="True"/>
        <EditorIndex Value="7"/>
        <TopLine Value="98"/>
        <CursorPos X="15" Y="93"/>
        <UsageCount Value="202"/>
        <Loaded Value="True"/>
      </Unit>
      <Unit>
        <Filename Value="Units\u_screen_sam.pas"/>
        <IsPartOfProject Value="True"/>
        <EditorIndex Value="10"/>
        <WindowIndex Value="1"/>
        <TopLine Value="185"/>
        <CursorPos X="3" Y="199"/>
        <UsageCount Value="200"/>
        <Loaded Value="True"/>
      </Unit>
      <Unit>
        <Filename Value="Units\SpriteDef\u_sam.pas"/>
        <IsPartOfProject Value="True"/>
        <EditorIndex Value="-1"/>
        <WindowIndex Value="1"/>
        <CursorPos X="33" Y="13"/>
        <UsageCount Value="200"/>
      </Unit>
      <Unit>
        <Filename Value="Units\u_screen_strikeraccoon.pas"/>
        <IsPartOfProject Value="True"/>
        <EditorIndex Value="-1"/>
        <TopLine Value="436"/>
        <CursorPos X="35" Y="446"/>
        <UsageCount Value="200"/>
      </Unit>
      <Unit>
        <Filename Value="Units\u_screen_dartboard.pas"/>
        <IsPartOfProject Value="True"/>
        <EditorIndex Value="-1"/>
        <WindowIndex Value="1"/>
        <TopLine Value="20"/>
        <CursorPos X="15" Y="33"/>
        <UsageCount Value="200"/>
      </Unit>
      <Unit>
        <Filename Value="Units\SpriteDef\u_dartboard_bird.pas"/>
        <IsPartOfProject Value="True"/>
        <EditorIndex Value="-1"/>
        <TopLine Value="262"/>
        <CursorPos X="32" Y="280"/>
        <UsageCount Value="200"/>
      </Unit>
      <Unit>
        <Filename Value="Units\u_screen_gamemermaidboss.pas"/>
        <IsPartOfProject Value="True"/>
        <EditorIndex Value="-1"/>
        <TopLine Value="587"/>
        <CursorPos X="26" Y="598"/>
        <UsageCount Value="202"/>
      </Unit>
      <Unit>
        <Filename Value="Units\u_screen_gamesnakefissureintro.pas"/>
        <IsPartOfProject Value="True"/>
        <EditorIndex Value="-1"/>
        <TopLine Value="304"/>
        <CursorPos X="3" Y="307"/>
        <UsageCount Value="200"/>
      </Unit>
      <Unit>
        <Filename Value="Units\SpriteDef\u_submarine.pas"/>
        <IsPartOfProject Value="True"/>
        <EditorIndex Value="-1"/>
        <TopLine Value="84"/>
        <CursorPos X="3" Y="88"/>
        <UsageCount Value="200"/>
      </Unit>
      <Unit>
        <Filename Value="Units\u_screen_gamesnakefissure.pas"/>
        <IsPartOfProject Value="True"/>
        <EditorIndex Value="-1"/>
        <TopLine Value="86"/>
        <CursorPos Y="98"/>
        <UsageCount Value="207"/>
      </Unit>
      <Unit>
        <Filename Value="..\OGLCScene\source\oglcPostProcessing.inc"/>
        <EditorIndex Value="40"/>
        <WindowIndex Value="2"/>
        <TopLine Value="508"/>
        <CursorPos X="29" Y="520"/>
        <UsageCount Value="102"/>
        <Loaded Value="True"/>
      </Unit>
      <Unit>
        <Filename Value="C:\lazarus\fpc\3.2.2\source\packages\fcl-stl\src\gvector.pp"/>
        <EditorIndex Value="13"/>
        <WindowIndex Value="2"/>
        <TopLine Value="141"/>
        <CursorPos X="3" Y="144"/>
        <UsageCount Value="100"/>
        <Loaded Value="True"/>
      </Unit>
      <Unit>
        <Filename Value="Units\SpriteDef\u_turtle.pas"/>
        <IsPartOfProject Value="True"/>
        <EditorIndex Value="-1"/>
        <TopLine Value="201"/>
        <CursorPos Y="242"/>
        <UsageCount Value="200"/>
      </Unit>
      <Unit>
        <Filename Value="Units\u_screen_gamecastle.pas"/>
        <IsPartOfProject Value="True"/>
        <EditorIndex Value="12"/>
        <TopLine Value="301"/>
        <CursorPos X="11" Y="313"/>
        <UsageCount Value="200"/>
        <Loaded Value="True"/>
      </Unit>
      <Unit>
        <Filename Value="Units\SpriteDef\u_transporterwk510.pas"/>
        <IsPartOfProject Value="True"/>
        <EditorIndex Value="-1"/>
        <TopLine Value="33"/>
        <CursorPos X="13" Y="44"/>
        <UsageCount Value="202"/>
      </Unit>
      <Unit>
        <Filename Value="Units\SpriteDef\u_robotw7.pas"/>
        <IsPartOfProject Value="True"/>
        <EditorIndex Value="28"/>
        <TopLine Value="425"/>
        <CursorPos X="89" Y="441"/>
        <UsageCount Value="213"/>
        <Loaded Value="True"/>
      </Unit>
      <Unit>
        <Filename Value="Units\SpriteDef\u_wolfmothership.pas"/>
        <IsPartOfProject Value="True"/>
        <EditorIndex Value="17"/>
        <TopLine Value="1063"/>
        <CursorPos X="3" Y="1072"/>
        <UsageCount Value="201"/>
        <Loaded Value="True"/>
      </Unit>
      <Unit>
        <Filename Value="Units\u_screen_msmainbridge.pas"/>
        <IsPartOfProject Value="True"/>
        <EditorIndex Value="15"/>
        <TopLine Value="129"/>
        <CursorPos X="18" Y="139"/>
        <UsageCount Value="201"/>
        <Loaded Value="True"/>
      </Unit>
      <Unit>
        <Filename Value="..\OGLCScene\source\oglcUIScrollable.inc"/>
        <EditorIndex Value="41"/>
        <WindowIndex Value="2"/>
        <TopLine Value="13"/>
        <CursorPos Y="8"/>
        <UsageCount Value="103"/>
        <Loaded Value="True"/>
      </Unit>
      <Unit>
        <Filename Value="Units\u_procedural_interstellarjump.pas"/>
        <IsPartOfProject Value="True"/>
        <EditorIndex Value="20"/>
        <TopLine Value="242"/>
        <CursorPos X="17" Y="255"/>
        <UsageCount Value="203"/>
        <Loaded Value="True"/>
      </Unit>
      <Unit>
        <Filename Value="Units\u_procedural_starjump.pas"/>
        <IsPartOfProject Value="True"/>
        <EditorIndex Value="18"/>
        <TopLine Value="277"/>
        <CursorPos X="17" Y="289"/>
        <UsageCount Value="201"/>
        <Loaded Value="True"/>
      </Unit>
      <Unit>
        <Filename Value="Units\SpriteDef\u_airplaneromeoandjulia.pas"/>
        <IsPartOfProject Value="True"/>
        <EditorIndex Value="-1"/>
        <TopLine Value="13"/>
        <CursorPos X="15" Y="26"/>
        <UsageCount Value="200"/>
      </Unit>
      <Unit>
        <Filename Value="Units\u_screen_msconstruction.pas"/>
        <IsPartOfProject Value="True"/>
        <EditorIndex Value="16"/>
        <TopLine Value="85"/>
        <CursorPos X="33" Y="108"/>
        <UsageCount Value="201"/>
        <Loaded Value="True"/>
      </Unit>
      <Unit>
        <Filename Value="C:\Users\JLS\AppData\Local\lazarus\onlinepackagemanager\packages\BGRABitmap\bgrabitmap\bgrapath.pas"/>
        <UnitName Value="BGRAPath"/>
        <EditorIndex Value="-1"/>
        <WindowIndex Value="2"/>
        <TopLine Value="271"/>
        <CursorPos X="108" Y="283"/>
        <UsageCount Value="56"/>
      </Unit>
      <Unit>
        <Filename Value="Units\u_screen_msharvesting.pas"/>
        <IsPartOfProject Value="True"/>
        <EditorIndex Value="14"/>
        <TopLine Value="624"/>
        <CursorPos X="20" Y="630"/>
        <UsageCount Value="200"/>
        <Loaded Value="True"/>
      </Unit>
      <Unit>
        <Filename Value="Units\u_screen_msmeteorstorm.pas"/>
        <IsPartOfProject Value="True"/>
        <EditorIndex Value="13"/>
        <TopLine Value="289"/>
        <CursorPos Y="300"/>
        <UsageCount Value="201"/>
        <Bookmarks Count="1">
          <Item0 Y="452"/>
        </Bookmarks>
        <Loaded Value="True"/>
      </Unit>
      <Unit>
        <Filename Value="..\OGLCScene\source\oglcReusableSurfaceContainer.inc"/>
        <EditorIndex Value="3"/>
        <WindowIndex Value="2"/>
        <CursorPos X="13" Y="7"/>
        <UsageCount Value="103"/>
        <Loaded Value="True"/>
      </Unit>
      <Unit>
        <Filename Value="Units\u_procedural_topdownsunray.pas"/>
        <IsPartOfProject Value="True"/>
        <EditorIndex Value="21"/>
        <TopLine Value="171"/>
        <CursorPos X="17" Y="184"/>
        <UsageCount Value="204"/>
        <Loaded Value="True"/>
      </Unit>
      <Unit>
        <Filename Value="Units\u_screen_finaltemple.pas"/>
        <IsPartOfProject Value="True"/>
        <EditorIndex Value="23"/>
        <TopLine Value="107"/>
        <CursorPos X="3" Y="124"/>
        <UsageCount Value="202"/>
        <Loaded Value="True"/>
      </Unit>
      <Unit>
        <Filename Value="..\OGLCScene\source\oglcDecorManager.inc"/>
        <IsVisibleTab Value="True"/>
        <EditorIndex Value="2"/>
        <WindowIndex Value="2"/>
        <TopLine Value="216"/>
        <CursorPos X="6" Y="227"/>
        <UsageCount Value="109"/>
        <Loaded Value="True"/>
      </Unit>
      <Unit>
        <Filename Value="Units\SpriteDef\u_leveltemple.pas"/>
        <EditorIndex Value="24"/>
        <TopLine Value="12"/>
        <CursorPos X="13" Y="25"/>
        <UsageCount Value="109"/>
        <Loaded Value="True"/>
      </Unit>
      <Unit>
        <Filename Value="..\OGLCScene\source\oglcVersion.inc"/>
        <EditorIndex Value="1"/>
        <WindowIndex Value="2"/>
        <CursorPos X="25" Y="3"/>
        <UsageCount Value="106"/>
        <Loaded Value="True"/>
      </Unit>
    </Units>
    <JumpHistory HistoryIndex="29">
      <Position>
        <Filename Value="..\OGLCScene\source\oglcDecorManager.inc"/>
        <Caret Line="260" Column="21" TopLine="240"/>
      </Position>
      <Position>
        <Filename Value="..\OGLCScene\source\oglcDecorManager.inc"/>
        <Caret Line="220" TopLine="208"/>
      </Position>
      <Position>
        <Filename Value="..\OGLCScene\source\oglcDecorManager.inc"/>
        <Caret Line="221" TopLine="208"/>
      </Position>
      <Position>
        <Filename Value="..\OGLCScene\source\oglcDecorManager.inc"/>
        <Caret Line="220" TopLine="208"/>
      </Position>
      <Position>
        <Filename Value="Units\u_screen_gamemermaidsport.pas"/>
        <Caret Line="2518" Column="41" TopLine="2513"/>
      </Position>
      <Position>
        <Filename Value="Units\u_screen_gamemermaidsport.pas"/>
        <Caret Line="46" Column="19" TopLine="37"/>
      </Position>
      <Position>
        <Filename Value="Units\u_screen_finaltemple.pas"/>
        <Caret Line="129" Column="27" TopLine="110"/>
      </Position>
      <Position>
        <Filename Value="..\OGLCScene\source\oglcCamera.inc"/>
        <Caret Line="93" Column="19" TopLine="81"/>
      </Position>
      <Position>
        <Filename Value="..\OGLCScene\source\oglcCamera.inc"/>
        <Caret Line="397" Column="33" TopLine="392"/>
      </Position>
      <Position>
        <Filename Value="..\OGLCScene\source\oglcCamera.inc"/>
        <Caret Line="93" Column="16" TopLine="80"/>
      </Position>
      <Position>
        <Filename Value="..\OGLCScene\source\oglcCamera.inc"/>
        <Caret Line="397" Column="52" TopLine="392"/>
      </Position>
      <Position>
        <Filename Value="..\OGLCScene\source\oglcDecorManager.inc"/>
        <Caret Line="227" Column="6" TopLine="216"/>
      </Position>
      <Position>
        <Filename Value="Units\SpriteDef\u_leveltemple.pas"/>
        <Caret Line="28" Column="25" TopLine="15"/>
      </Position>
      <Position>
        <Filename Value="Units\SpriteDef\u_leveltemple.pas"/>
        <Caret Line="78" Column="6" TopLine="74"/>
      </Position>
      <Position>
        <Filename Value="Units\SpriteDef\u_leveltemple.pas"/>
        <Caret Line="77" Column="24" TopLine="74"/>
      </Position>
      <Position>
        <Filename Value="Units\SpriteDef\u_leveltemple.pas"/>
        <Caret Line="30" Column="21" TopLine="15"/>
      </Position>
      <Position>
        <Filename Value="Units\SpriteDef\u_leveltemple.pas"/>
        <Caret Line="97" Column="40" TopLine="77"/>
      </Position>
      <Position>
        <Filename Value="Units\SpriteDef\u_leveltemple.pas"/>
        <Caret Line="81" Column="6" TopLine="68"/>
      </Position>
      <Position>
        <Filename Value="Units\u_sprite_def.pas"/>
        <Caret Line="210" Column="18" TopLine="194"/>
      </Position>
      <Position>
        <Filename Value="Units\u_sprite_def.pas"/>
        <Caret Line="2213" Column="41" TopLine="2196"/>
      </Position>
      <Position>
        <Filename Value="Units\u_screen_workshop.pas"/>
        <Caret Line="201" Column="24" TopLine="186"/>
      </Position>
      <Position>
        <Filename Value="Units\u_sprite_def.pas"/>
        <Caret Line="1303" Column="37" TopLine="1290"/>
      </Position>
      <Position>
        <Filename Value="Units\u_sprite_def.pas"/>
        <Caret Line="2211" Column="9" TopLine="2199"/>
      </Position>
      <Position>
        <Filename Value="Units\u_sprite_def.pas"/>
        <Caret Line="2212" Column="9" TopLine="2199"/>
      </Position>
      <Position>
        <Filename Value="Units\u_screen_sam.pas"/>
        <Caret Line="200" Column="31" TopLine="185"/>
      </Position>
      <Position>
        <Filename Value="Units\u_screen_gamecastle.pas"/>
        <Caret Line="314" Column="39" TopLine="301"/>
      </Position>
      <Position>
        <Filename Value="Units\SpriteDef\u_wolfmothership.pas"/>
        <Caret Line="1072" Column="3" TopLine="1063"/>
      </Position>
      <Position>
        <Filename Value="Units\u_screen_gamecastle.pas"/>
        <Caret Line="313" Column="11" TopLine="301"/>
      </Position>
      <Position>
        <Filename Value="Units\u_screen_sam.pas"/>
        <Caret Line="199" Column="3" TopLine="185"/>
      </Position>
      <Position>
        <Filename Value="Units\u_sprite_def.pas"/>
        <Caret Line="1302" Column="9" TopLine="1290"/>
      </Position>
    </JumpHistory>
  </ProjectOptions>
  <CompilerOptions>
    <Version Value="11"/>
    <PathDelim Value="\"/>
    <Target>
      <Filename Value="Binary\LittleRedRidingHood"/>
    </Target>
    <SearchPaths>
      <IncludeFiles Value="$(ProjOutDir)"/>
      <OtherUnitFiles Value="..\UnitsCommon;Units;..\ALSound\source;Units\SpriteDef"/>
      <UnitOutputDirectory Value="lib\$(TargetCPU)-$(TargetOS)"/>
    </SearchPaths>
    <Parsing>
      <SyntaxOptions>
        <IncludeAssertionCode Value="True"/>
      </SyntaxOptions>
    </Parsing>
    <CodeGeneration>
      <Checks>
        <IOChecks Value="True"/>
        <RangeChecks Value="True"/>
        <OverflowChecks Value="True"/>
        <StackChecks Value="True"/>
      </Checks>
      <VerifyObjMethodCallValidity Value="True"/>
      <Optimizations>
        <VariablesInRegisters Value="True"/>
      </Optimizations>
    </CodeGeneration>
    <Linking>
      <Debugging>
        <DebugInfoType Value="dsDwarf3"/>
        <UseHeaptrc Value="True"/>
        <TrashVariables Value="True"/>
        <UseExternalDbgSyms Value="True"/>
      </Debugging>
      <Options>
        <Win32>
          <GraphicApplication Value="True"/>
        </Win32>
      </Options>
    </Linking>
  </CompilerOptions>
  <Debugging>
    <Exceptions>
      <Item>
        <Name Value="EAbort"/>
      </Item>
      <Item>
        <Name Value="ECodetoolError"/>
      </Item>
      <Item>
        <Name Value="EFOpenError"/>
      </Item>
    </Exceptions>
  </Debugging>
</CONFIG>
