<?xml version="1.0" encoding="UTF-8"?>
<CONFIG>
  <ProjectOptions>
    <Version Value="12"/>
    <PathDelim Value="\"/>
    <General>
      <Flags>
        <CompatibilityMode Value="True"/>
      </Flags>
      <Title Value="LittleRedRidingHood"/>
      <ResourceType Value="res"/>
      <ActiveWindowIndexAtStart Value="1"/>
    </General>
    <i18n>
      <EnableI18N Value="True" LFM="False"/>
      <OutDir Value="Binary\Data\Languages"/>
    </i18n>
    <VersionInfo>
      <UseVersionInfo Value="True"/>
      <MinorVersionNr Value="3"/>
    </VersionInfo>
    <BuildModes Count="2" Active="Debug">
      <Item1 Name="Debug" Default="True"/>
      <Item2 Name="Release">
        <CompilerOptions>
          <Version Value="11"/>
          <PathDelim Value="\"/>
          <Target>
            <Filename Value="Binary\LittleRedRidingHood"/>
          </Target>
          <SearchPaths>
            <IncludeFiles Value="$(ProjOutDir)"/>
            <OtherUnitFiles Value="..\UnitsCommon;Units;..\OGLCScene\source;..\ALSound\source"/>
            <UnitOutputDirectory Value="lib\$(TargetCPU)-$(TargetOS)"/>
          </SearchPaths>
          <CodeGeneration>
            <SmartLinkUnit Value="True"/>
            <Optimizations>
              <OptimizationLevel Value="3"/>
              <VariablesInRegisters Value="True"/>
            </Optimizations>
          </CodeGeneration>
          <Linking>
            <Debugging>
              <GenerateDebugInfo Value="False"/>
              <DebugInfoType Value="dsDwarf2Set"/>
              <TrashVariables Value="True"/>
              <StripSymbols Value="True"/>
            </Debugging>
            <LinkSmart Value="True"/>
            <Options>
              <Win32>
                <GraphicApplication Value="True"/>
              </Win32>
            </Options>
          </Linking>
        </CompilerOptions>
      </Item2>
    </BuildModes>
    <PublishOptions>
      <Version Value="2"/>
    </PublishOptions>
    <RunParams>
      <FormatVersion Value="2"/>
      <Modes Count="1">
        <Mode0 Name="default"/>
      </Modes>
    </RunParams>
    <RequiredPackages Count="4">
      <Item1>
        <PackageName Value="LazOpenGLContext"/>
      </Item1>
      <Item2>
        <PackageName Value="BGRABitmapPack"/>
        <MinVersion Major="9" Valid="True"/>
      </Item2>
      <Item3>
        <PackageName Value="LazUtils"/>
      </Item3>
      <Item4>
        <PackageName Value="LCL"/>
      </Item4>
    </RequiredPackages>
    <Units Count="86">
      <Unit0>
        <Filename Value="LittleRedRidingHood.lpr"/>
        <IsPartOfProject Value="True"/>
        <EditorIndex Value="-1"/>
        <WindowIndex Value="2"/>
        <TopLine Value="5"/>
        <CursorPos Y="25"/>
        <UsageCount Value="200"/>
      </Unit0>
      <Unit1>
        <Filename Value="Units\form_main.pas"/>
        <IsPartOfProject Value="True"/>
        <ComponentName Value="FormMain"/>
        <HasResources Value="True"/>
        <ResourceBaseClass Value="Form"/>
        <TopLine Value="114"/>
        <CursorPos X="3" Y="126"/>
        <UsageCount Value="200"/>
        <Loaded Value="True"/>
        <LoadedDesigner Value="True"/>
      </Unit1>
      <Unit2>
        <Filename Value="Units\u_screen_title.pas"/>
        <IsPartOfProject Value="True"/>
        <EditorIndex Value="7"/>
        <WindowIndex Value="1"/>
        <TopLine Value="87"/>
        <CursorPos X="17" Y="111"/>
        <UsageCount Value="204"/>
        <Loaded Value="True"/>
      </Unit2>
      <Unit3>
        <Filename Value="Units\u_common.pas"/>
        <IsPartOfProject Value="True"/>
        <EditorIndex Value="23"/>
        <TopLine Value="13"/>
        <CursorPos X="29" Y="19"/>
        <UsageCount Value="200"/>
        <Loaded Value="True"/>
      </Unit3>
      <Unit4>
        <Filename Value="Units\u_app.pas"/>
        <IsPartOfProject Value="True"/>
        <EditorIndex Value="22"/>
        <TopLine Value="298"/>
        <CursorPos X="12" Y="311"/>
        <UsageCount Value="200"/>
        <Loaded Value="True"/>
      </Unit4>
      <Unit5>
        <Filename Value="Units\u_sprite_lrcommon.pas"/>
        <IsPartOfProject Value="True"/>
        <EditorIndex Value="5"/>
        <TopLine Value="356"/>
        <CursorPos X="3" Y="361"/>
        <UsageCount Value="200"/>
        <Loaded Value="True"/>
      </Unit5>
      <Unit6>
        <Filename Value="Units\u_sprite_wolf.pas"/>
        <IsPartOfProject Value="True"/>
        <EditorIndex Value="4"/>
        <TopLine Value="1146"/>
        <CursorPos X="14" Y="1166"/>
        <UsageCount Value="203"/>
        <Loaded Value="True"/>
      </Unit6>
      <Unit7>
        <Filename Value="Units\u_screen_gameforest.pas"/>
        <IsPartOfProject Value="True"/>
        <EditorIndex Value="1"/>
        <WindowIndex Value="1"/>
        <TopLine Value="310"/>
        <CursorPos X="24" Y="326"/>
        <UsageCount Value="200"/>
        <Loaded Value="True"/>
      </Unit7>
      <Unit8>
        <Filename Value="Units\u_sprite_gameforest.pas"/>
        <IsPartOfProject Value="True"/>
        <WindowIndex Value="1"/>
        <TopLine Value="13"/>
        <CursorPos X="54" Y="323"/>
        <UsageCount Value="208"/>
        <Loaded Value="True"/>
      </Unit8>
      <Unit9>
        <Filename Value="Units\geometricshapes.pas"/>
        <UnitName Value="GeometricShapes"/>
        <EditorIndex Value="4"/>
        <WindowIndex Value="1"/>
        <TopLine Value="51"/>
        <CursorPos X="56" Y="58"/>
        <UsageCount Value="100"/>
        <Loaded Value="True"/>
      </Unit9>
      <Unit10>
        <Filename Value="Units\screen_logo.pas"/>
        <IsPartOfProject Value="True"/>
        <EditorIndex Value="6"/>
        <WindowIndex Value="1"/>
        <TopLine Value="13"/>
        <CursorPos X="36" Y="17"/>
        <UsageCount Value="201"/>
        <Loaded Value="True"/>
      </Unit10>
      <Unit11>
        <Filename Value="Units\u_common_ui.pas"/>
        <IsPartOfProject Value="True"/>
        <EditorIndex Value="21"/>
        <TopLine Value="884"/>
        <CursorPos Y="897"/>
        <UsageCount Value="200"/>
        <Loaded Value="True"/>
      </Unit11>
      <Unit12>
        <Filename Value="Units\u_gamebackground.pas"/>
        <IsPartOfProject Value="True"/>
        <EditorIndex Value="2"/>
        <TopLine Value="48"/>
        <CursorPos X="25" Y="58"/>
        <UsageCount Value="205"/>
        <Loaded Value="True"/>
      </Unit12>
      <Unit13>
        <Filename Value="Units\u_resourcestring.pas"/>
        <IsPartOfProject Value="True"/>
        <IsVisibleTab Value="True"/>
        <EditorIndex Value="3"/>
        <WindowIndex Value="1"/>
        <TopLine Value="175"/>
        <CursorPos X="36" Y="192"/>
        <UsageCount Value="201"/>
        <Loaded Value="True"/>
      </Unit13>
      <Unit14>
        <Filename Value="Units\u_screen_map.pas"/>
        <IsPartOfProject Value="True"/>
        <IsVisibleTab Value="True"/>
        <EditorIndex Value="17"/>
        <TopLine Value="265"/>
        <CursorPos X="26" Y="272"/>
        <UsageCount Value="200"/>
        <Loaded Value="True"/>
      </Unit14>
      <Unit15>
        <Filename Value="Units\u_ui_panels.pas"/>
        <IsPartOfProject Value="True"/>
        <EditorIndex Value="10"/>
        <TopLine Value="630"/>
        <CursorPos X="32" Y="632"/>
        <UsageCount Value="200"/>
        <Loaded Value="True"/>
      </Unit15>
      <Unit16>
        <Filename Value="Units\u_audio.pas"/>
        <IsPartOfProject Value="True"/>
        <EditorIndex Value="1"/>
        <TopLine Value="103"/>
        <CursorPos X="3" Y="105"/>
        <UsageCount Value="200"/>
        <Loaded Value="True"/>
      </Unit16>
      <Unit17>
        <Filename Value="..\ALSound\source\alsound.pas"/>
        <UnitName Value="ALSound"/>
        <EditorIndex Value="25"/>
        <WindowIndex Value="2"/>
        <TopLine Value="286"/>
        <CursorPos X="7" Y="297"/>
        <UsageCount Value="100"/>
        <Loaded Value="True"/>
      </Unit17>
      <Unit18>
        <Filename Value="Units\u_screen_workshop.pas"/>
        <IsPartOfProject Value="True"/>
        <EditorIndex Value="10"/>
        <WindowIndex Value="1"/>
        <TopLine Value="459"/>
        <CursorPos X="36" Y="486"/>
        <UsageCount Value="200"/>
        <Loaded Value="True"/>
      </Unit18>
      <Unit19>
        <Filename Value="Units\u_mousepointer.pas"/>
        <IsPartOfProject Value="True"/>
        <EditorIndex Value="17"/>
        <WindowIndex Value="1"/>
        <CursorPos X="43" Y="13"/>
        <UsageCount Value="200"/>
        <Loaded Value="True"/>
      </Unit19>
      <Unit20>
        <Filename Value="Units\u_screen_gamemountainpeaks.pas"/>
        <IsPartOfProject Value="True"/>
        <EditorIndex Value="5"/>
        <WindowIndex Value="1"/>
        <TopLine Value="603"/>
        <CursorPos X="60" Y="617"/>
        <UsageCount Value="203"/>
        <Loaded Value="True"/>
      </Unit20>
      <Unit21>
        <Filename Value="Units\u_screen_gamevolcanoentrance.pas"/>
        <IsPartOfProject Value="True"/>
        <EditorIndex Value="15"/>
        <WindowIndex Value="1"/>
        <TopLine Value="46"/>
        <CursorPos X="19" Y="53"/>
        <UsageCount Value="200"/>
        <Loaded Value="True"/>
      </Unit21>
      <Unit22>
        <Filename Value="Units\u_sprite_lr4dir.pas"/>
        <IsPartOfProject Value="True"/>
        <EditorIndex Value="3"/>
        <TopLine Value="132"/>
        <CursorPos Y="145"/>
        <UsageCount Value="200"/>
        <Loaded Value="True"/>
      </Unit22>
      <Unit23>
        <Filename Value="Units\u_screen_gamevolcanoinner.pas"/>
        <IsPartOfProject Value="True"/>
        <EditorIndex Value="14"/>
        <WindowIndex Value="1"/>
        <TopLine Value="2538"/>
        <CursorPos X="59" Y="2547"/>
        <UsageCount Value="225"/>
        <Loaded Value="True"/>
      </Unit23>
      <Unit24>
        <Filename Value="..\OGLCScene\source\OGLCScene.pas"/>
        <WindowIndex Value="2"/>
        <TopLine Value="146"/>
        <CursorPos X="21" Y="158"/>
        <UsageCount Value="102"/>
        <Loaded Value="True"/>
      </Unit24>
      <Unit25>
        <Filename Value="..\OGLCScene\source\oglcUtils.inc"/>
        <EditorIndex Value="20"/>
        <WindowIndex Value="2"/>
        <TopLine Value="28"/>
        <CursorPos Y="34"/>
        <UsageCount Value="102"/>
        <Loaded Value="True"/>
      </Unit25>
      <Unit26>
        <Filename Value="..\ALSound\source\als_effectpresets.inc"/>
        <EditorIndex Value="26"/>
        <WindowIndex Value="2"/>
        <TopLine Value="1038"/>
        <CursorPos X="46" Y="1056"/>
        <UsageCount Value="101"/>
        <Loaded Value="True"/>
      </Unit26>
      <Unit27>
        <Filename Value="..\OGLCScene\source\oglcUIScrollable.inc"/>
        <EditorIndex Value="-1"/>
        <WindowIndex Value="2"/>
        <TopLine Value="793"/>
        <CursorPos Y="805"/>
        <UsageCount Value="55"/>
      </Unit27>
      <Unit28>
        <Filename Value="..\OGLCScene\source\oglcVelocityCurve.inc"/>
        <EditorIndex Value="23"/>
        <WindowIndex Value="2"/>
        <TopLine Value="942"/>
        <CursorPos Y="957"/>
        <UsageCount Value="100"/>
        <Loaded Value="True"/>
      </Unit28>
      <Unit29>
        <Filename Value="..\OGLCScene\source\oglcSurface.inc"/>
        <EditorIndex Value="18"/>
        <WindowIndex Value="2"/>
        <TopLine Value="871"/>
        <CursorPos X="8" Y="877"/>
        <UsageCount Value="100"/>
        <Loaded Value="True"/>
      </Unit29>
      <Unit30>
        <Filename Value="..\OGLCScene\source\oglcUI.inc"/>
        <IsVisibleTab Value="True"/>
        <EditorIndex Value="2"/>
        <WindowIndex Value="2"/>
        <TopLine Value="60"/>
        <CursorPos X="39" Y="71"/>
        <UsageCount Value="102"/>
        <Loaded Value="True"/>
      </Unit30>
      <Unit31>
        <Filename Value="..\OGLCScene\source\oglcSpriteTemplate.inc"/>
        <EditorIndex Value="15"/>
        <WindowIndex Value="2"/>
        <TopLine Value="324"/>
        <CursorPos Y="337"/>
        <UsageCount Value="100"/>
        <Loaded Value="True"/>
      </Unit31>
      <Unit32>
        <Filename Value="..\OGLCScene\source\oglcTileEngine.inc"/>
        <EditorIndex Value="-1"/>
        <WindowIndex Value="2"/>
        <TopLine Value="246"/>
        <CursorPos X="38" Y="249"/>
        <UsageCount Value="54"/>
      </Unit32>
      <Unit33>
        <Filename Value="Units\u_screen_gamevolcanodino.pas"/>
        <IsPartOfProject Value="True"/>
        <EditorIndex Value="16"/>
        <WindowIndex Value="1"/>
        <TopLine Value="1640"/>
        <CursorPos X="51" Y="1655"/>
        <UsageCount Value="202"/>
        <Loaded Value="True"/>
      </Unit33>
      <Unit34>
        <Filename Value="..\OGLCScene\source\oglcTexturedFont.inc"/>
        <EditorIndex Value="22"/>
        <WindowIndex Value="2"/>
        <TopLine Value="242"/>
        <CursorPos Y="257"/>
        <UsageCount Value="100"/>
        <Loaded Value="True"/>
      </Unit34>
      <Unit35>
        <Filename Value="..\OGLCScene\source\oglcType.inc"/>
        <EditorIndex Value="19"/>
        <WindowIndex Value="2"/>
        <TopLine Value="378"/>
        <CursorPos X="3" Y="382"/>
        <UsageCount Value="100"/>
        <Loaded Value="True"/>
      </Unit35>
      <Unit36>
        <Filename Value="..\OGLCScene\source\oglcUIModalPanel.inc"/>
        <EditorIndex Value="27"/>
        <WindowIndex Value="2"/>
        <TopLine Value="13"/>
        <CursorPos X="13" Y="25"/>
        <UsageCount Value="100"/>
        <Loaded Value="True"/>
      </Unit36>
      <Unit37>
        <Filename Value="..\OGLCScene\source\oglcTexture.inc"/>
        <EditorIndex Value="11"/>
        <WindowIndex Value="2"/>
        <TopLine Value="510"/>
        <CursorPos Y="523"/>
        <UsageCount Value="103"/>
        <Loaded Value="True"/>
      </Unit37>
      <Unit38>
        <Filename Value="..\OGLCScene\source\oglcDeformationGrid.inc"/>
        <EditorIndex Value="28"/>
        <WindowIndex Value="2"/>
        <TopLine Value="163"/>
        <CursorPos X="17" Y="176"/>
        <UsageCount Value="100"/>
        <Loaded Value="True"/>
      </Unit38>
      <Unit39>
        <Filename Value="..\OGLCScene\source\oglcParticle.inc"/>
        <EditorIndex Value="-1"/>
        <TopLine Value="193"/>
        <CursorPos X="3" Y="205"/>
        <UsageCount Value="60"/>
      </Unit39>
      <Unit40>
        <Filename Value="..\OGLCScene\source\gl_core_matrix.inc"/>
        <EditorIndex Value="17"/>
        <WindowIndex Value="2"/>
        <TopLine Value="66"/>
        <CursorPos X="3" Y="69"/>
        <UsageCount Value="101"/>
        <Loaded Value="True"/>
      </Unit40>
      <Unit41>
        <Filename Value="..\OGLCScene\source\oglcLayer.inc"/>
        <EditorIndex Value="-1"/>
        <WindowIndex Value="1"/>
        <TopLine Value="554"/>
        <CursorPos Y="568"/>
        <UsageCount Value="66"/>
      </Unit41>
      <Unit42>
        <Filename Value="..\OGLCScene\source\oglcPath.inc"/>
        <EditorIndex Value="29"/>
        <WindowIndex Value="2"/>
        <TopLine Value="88"/>
        <CursorPos X="6" Y="95"/>
        <UsageCount Value="100"/>
        <Loaded Value="True"/>
      </Unit42>
      <Unit43>
        <Filename Value="Units\u_sprite_def.pas"/>
        <IsPartOfProject Value="True"/>
        <EditorIndex Value="6"/>
        <TopLine Value="709"/>
        <CursorPos X="19" Y="720"/>
        <UsageCount Value="200"/>
        <Loaded Value="True"/>
      </Unit43>
      <Unit44>
        <Filename Value="..\OGLCScene\source\oglcCamera.inc"/>
        <EditorIndex Value="16"/>
        <WindowIndex Value="2"/>
        <TopLine Value="334"/>
        <CursorPos X="40" Y="346"/>
        <UsageCount Value="101"/>
        <Loaded Value="True"/>
      </Unit44>
      <Unit45>
        <Filename Value="..\OGLCScene\source\oglcTextureAtlas.inc"/>
        <EditorIndex Value="24"/>
        <WindowIndex Value="2"/>
        <TopLine Value="649"/>
        <CursorPos X="3" Y="652"/>
        <UsageCount Value="100"/>
        <Loaded Value="True"/>
      </Unit45>
      <Unit46>
        <Filename Value="..\OGLCScene\source\oglcMultiRendererFactory.inc"/>
        <EditorIndex Value="9"/>
        <WindowIndex Value="2"/>
        <TopLine Value="583"/>
        <CursorPos X="18" Y="596"/>
        <UsageCount Value="101"/>
        <Loaded Value="True"/>
      </Unit46>
      <Unit47>
        <Filename Value="Units\u_gamescreentemplate.pas"/>
        <IsPartOfProject Value="True"/>
        <EditorIndex Value="11"/>
        <TopLine Value="160"/>
        <CursorPos X="19" Y="164"/>
        <UsageCount Value="200"/>
        <Loaded Value="True"/>
      </Unit47>
      <Unit48>
        <Filename Value="Units\u_weather_effects.pas"/>
        <IsPartOfProject Value="True"/>
        <EditorIndex Value="12"/>
        <TopLine Value="7"/>
        <CursorPos X="31" Y="30"/>
        <UsageCount Value="200"/>
        <Loaded Value="True"/>
      </Unit48>
      <Unit49>
        <Filename Value="Units\u_lr4_usable_object.pas"/>
        <IsPartOfProject Value="True"/>
        <EditorIndex Value="8"/>
        <TopLine Value="27"/>
        <CursorPos X="44" Y="37"/>
        <UsageCount Value="203"/>
        <Loaded Value="True"/>
      </Unit49>
      <Unit50>
        <Filename Value="Units\u_utils.pas"/>
        <IsPartOfProject Value="True"/>
        <EditorIndex Value="9"/>
        <CursorPos Y="12"/>
        <UsageCount Value="201"/>
        <Loaded Value="True"/>
      </Unit50>
      <Unit51>
        <Filename Value="..\OGLCScene\source\oglcShader.inc"/>
        <EditorIndex Value="12"/>
        <WindowIndex Value="2"/>
        <TopLine Value="39"/>
        <CursorPos Y="52"/>
        <UsageCount Value="100"/>
        <Loaded Value="True"/>
      </Unit51>
      <Unit52>
        <Filename Value="..\OGLCScene\source\oglcUIClipping.inc"/>
        <EditorIndex Value="14"/>
        <WindowIndex Value="2"/>
        <TopLine Value="28"/>
        <CursorPos Y="39"/>
        <UsageCount Value="100"/>
        <Loaded Value="True"/>
      </Unit52>
      <Unit53>
        <Filename Value="..\OGLCScene\source\oglcScreenTemplate.inc"/>
        <EditorIndex Value="8"/>
        <WindowIndex Value="2"/>
        <TopLine Value="52"/>
        <CursorPos X="39" Y="66"/>
        <UsageCount Value="100"/>
        <Loaded Value="True"/>
      </Unit53>
      <Unit54>
        <Filename Value="Units\u_sprite_granny.pas"/>
        <IsPartOfProject Value="True"/>
        <EditorIndex Value="9"/>
        <WindowIndex Value="1"/>
        <TopLine Value="21"/>
        <CursorPos Y="34"/>
        <UsageCount Value="200"/>
        <Loaded Value="True"/>
      </Unit54>
      <Unit55>
        <Filename Value="Units\u_screen_intro.pas"/>
        <IsPartOfProject Value="True"/>
        <EditorIndex Value="8"/>
        <WindowIndex Value="1"/>
        <TopLine Value="40"/>
        <CursorPos X="67" Y="54"/>
        <UsageCount Value="210"/>
        <Loaded Value="True"/>
      </Unit55>
      <Unit56>
        <Filename Value="..\OGLCScene\source\oglcEnvironment.inc"/>
        <EditorIndex Value="30"/>
        <WindowIndex Value="2"/>
        <CursorPos Y="65"/>
        <UsageCount Value="100"/>
        <Loaded Value="True"/>
      </Unit56>
      <Unit57>
        <Filename Value="..\OGLCScene\source\oglcFreeText.inc"/>
        <EditorIndex Value="1"/>
        <WindowIndex Value="2"/>
        <TopLine Value="115"/>
        <CursorPos X="21" Y="132"/>
        <UsageCount Value="105"/>
        <Loaded Value="True"/>
      </Unit57>
      <Unit58>
        <Filename Value="..\OGLCScene\source\oglcAlignText.inc"/>
        <EditorIndex Value="-1"/>
        <WindowIndex Value="2"/>
        <TopLine Value="148"/>
        <CursorPos X="43" Y="161"/>
        <UsageCount Value="55"/>
      </Unit58>
      <Unit59>
        <Filename Value="..\OGLCScene\source\oglcBorderAndFill.inc"/>
        <EditorIndex Value="7"/>
        <WindowIndex Value="2"/>
        <TopLine Value="116"/>
        <CursorPos Y="129"/>
        <UsageCount Value="101"/>
        <Loaded Value="True"/>
      </Unit59>
      <Unit60>
        <Filename Value="..\OGLCScene\source\oglcAppSaveUtils.inc"/>
        <EditorIndex Value="13"/>
        <WindowIndex Value="2"/>
        <CursorPos X="2" Y="120"/>
        <UsageCount Value="101"/>
        <Loaded Value="True"/>
      </Unit60>
      <Unit61>
        <Filename Value="..\OGLCScene\source\oglcGlow.inc"/>
        <EditorIndex Value="5"/>
        <WindowIndex Value="2"/>
        <TopLine Value="128"/>
        <CursorPos X="15" Y="147"/>
        <UsageCount Value="101"/>
        <Loaded Value="True"/>
      </Unit61>
      <Unit62>
        <Filename Value="..\OGLCScene\source\oglcVersion.inc"/>
        <EditorIndex Value="-1"/>
        <WindowIndex Value="2"/>
        <CursorPos Y="5"/>
        <UsageCount Value="53"/>
      </Unit62>
      <Unit63>
        <Filename Value="Units\screen_gameplainmoon.pas"/>
        <IsPartOfProject Value="True"/>
        <EditorIndex Value="14"/>
        <TopLine Value="2098"/>
        <CursorPos X="30" Y="2106"/>
        <UsageCount Value="204"/>
        <Loaded Value="True"/>
      </Unit63>
      <Unit64>
        <Filename Value="Units\u_postprocessing_watermirror.pas"/>
        <IsPartOfProject Value="True"/>
        <EditorIndex Value="-1"/>
        <TopLine Value="143"/>
        <CursorPos X="45" Y="146"/>
        <UsageCount Value="200"/>
      </Unit64>
      <Unit65>
        <Filename Value="Units\u_procedural_starnest.pas"/>
        <IsPartOfProject Value="True"/>
        <EditorIndex Value="20"/>
        <TopLine Value="151"/>
        <CursorPos X="36" Y="154"/>
        <UsageCount Value="200"/>
        <Loaded Value="True"/>
      </Unit65>
      <Unit66>
        <Filename Value="Units\u_proceduralplanet.pas"/>
        <IsPartOfProject Value="True"/>
        <UnitName Value="u_ProceduralPlanet"/>
        <EditorIndex Value="18"/>
        <TopLine Value="452"/>
        <CursorPos X="14" Y="455"/>
        <UsageCount Value="200"/>
        <Loaded Value="True"/>
      </Unit66>
      <Unit67>
        <Filename Value="Units\u_proceduralcloud.pas"/>
        <IsPartOfProject Value="True"/>
        <EditorIndex Value="19"/>
        <TopLine Value="179"/>
        <CursorPos X="18" Y="157"/>
        <UsageCount Value="200"/>
        <Loaded Value="True"/>
      </Unit67>
      <Unit68>
        <Filename Value="..\OGLCScene\source\oglcElectricalFX.inc"/>
        <EditorIndex Value="6"/>
        <WindowIndex Value="2"/>
        <TopLine Value="137"/>
        <CursorPos X="14" Y="140"/>
        <UsageCount Value="101"/>
        <Loaded Value="True"/>
      </Unit68>
      <Unit69>
        <Filename Value="..\OGLCScene\source\oglcSurfaceWithProceduralShader.inc"/>
        <EditorIndex Value="4"/>
        <WindowIndex Value="2"/>
        <TopLine Value="39"/>
        <CursorPos X="15" Y="39"/>
        <UsageCount Value="101"/>
        <Loaded Value="True"/>
      </Unit69>
      <Unit70>
        <Filename Value="Units\screen_gameplainmooninside.pas"/>
        <IsPartOfProject Value="True"/>
        <EditorIndex Value="13"/>
        <TopLine Value="814"/>
        <CursorPos X="17" Y="824"/>
        <UsageCount Value="204"/>
        <Loaded Value="True"/>
      </Unit70>
      <Unit71>
        <Filename Value="..\OGLCScene\source\oglcSpriteEffect.inc"/>
        <EditorIndex Value="-1"/>
        <WindowIndex Value="2"/>
        <TopLine Value="33"/>
        <CursorPos X="41" Y="36"/>
        <UsageCount Value="24"/>
      </Unit71>
      <Unit72>
        <Filename Value="..\OGLCScene\source\oglcCollisionBody.inc"/>
        <EditorIndex Value="3"/>
        <WindowIndex Value="2"/>
        <TopLine Value="147"/>
        <CursorPos X="3" Y="151"/>
        <UsageCount Value="100"/>
        <Loaded Value="True"/>
      </Unit72>
      <Unit73>
        <Filename Value="..\OGLCScene\source\oglcMessage.inc"/>
        <EditorIndex Value="16"/>
        <TopLine Value="33"/>
        <CursorPos Y="41"/>
        <UsageCount Value="102"/>
        <Loaded Value="True"/>
      </Unit73>
      <Unit74>
        <Filename Value="..\OGLCScene\source\gvector.pp"/>
        <EditorIndex Value="-1"/>
        <WindowIndex Value="2"/>
        <TopLine Value="61"/>
        <CursorPos X="40" Y="70"/>
        <UsageCount Value="36"/>
      </Unit74>
      <Unit75>
        <Filename Value="..\OGLCScene\source\oglcMath.inc"/>
        <EditorIndex Value="21"/>
        <WindowIndex Value="2"/>
        <TopLine Value="267"/>
        <CursorPos X="3" Y="270"/>
        <UsageCount Value="102"/>
        <Loaded Value="True"/>
      </Unit75>
      <Unit76>
        <Filename Value="..\OGLCScene\source\oglcFXExplodeTexture.inc"/>
        <EditorIndex Value="-1"/>
        <WindowIndex Value="2"/>
        <CursorPos X="76" Y="11"/>
        <UsageCount Value="54"/>
      </Unit76>
      <Unit77>
        <Filename Value="..\OGLCScene\source\oglcFXScrolledSprite.inc"/>
        <EditorIndex Value="10"/>
        <WindowIndex Value="2"/>
        <TopLine Value="97"/>
        <CursorPos X="32" Y="113"/>
        <UsageCount Value="100"/>
        <Loaded Value="True"/>
      </Unit77>
      <Unit78>
        <Filename Value="Units\u_screen_gamemermaidsport.pas"/>
        <IsPartOfProject Value="True"/>
        <EditorIndex Value="15"/>
        <TopLine Value="1904"/>
        <CursorPos X="21" Y="1918"/>
        <UsageCount Value="202"/>
        <Loaded Value="True"/>
      </Unit78>
      <Unit79>
        <Filename Value="..\OGLCScene\source\oglcCharset.inc"/>
        <EditorIndex Value="-1"/>
        <WindowIndex Value="2"/>
        <TopLine Value="6"/>
        <CursorPos Y="58"/>
        <UsageCount Value="54"/>
      </Unit79>
      <Unit80>
        <Filename Value="Units\u_screen_forest_amara.pas"/>
        <IsPartOfProject Value="True"/>
        <EditorIndex Value="2"/>
        <WindowIndex Value="1"/>
        <TopLine Value="36"/>
        <CursorPos X="25" Y="50"/>
        <UsageCount Value="200"/>
        <Loaded Value="True"/>
      </Unit80>
      <Unit81>
        <Filename Value="SuspendedContainer.pas"/>
        <UnitName Value="TSuspendedContainer"/>
        <EditorIndex Value="-1"/>
        <CursorPos X="96" Y="35"/>
        <UsageCount Value="77"/>
      </Unit81>
      <Unit82>
        <Filename Value="Units\u_sprite_def2.pas"/>
        <IsPartOfProject Value="True"/>
        <EditorIndex Value="7"/>
        <TopLine Value="158"/>
        <CursorPos X="46" Y="166"/>
        <UsageCount Value="202"/>
        <Loaded Value="True"/>
      </Unit82>
      <Unit83>
        <Filename Value="Units\u_screen_sam.pas"/>
        <IsPartOfProject Value="True"/>
        <EditorIndex Value="11"/>
        <WindowIndex Value="1"/>
        <TopLine Value="281"/>
        <CursorPos X="40" Y="294"/>
        <UsageCount Value="73"/>
        <Loaded Value="True"/>
      </Unit83>
      <Unit84>
        <Filename Value="Units\u_sam.pas"/>
        <IsPartOfProject Value="True"/>
        <EditorIndex Value="13"/>
        <WindowIndex Value="1"/>
        <CursorPos X="30" Y="30"/>
        <UsageCount Value="65"/>
        <Loaded Value="True"/>
      </Unit84>
      <Unit85>
        <Filename Value="Units\u_screen_strikeraccoon.pas"/>
        <IsPartOfProject Value="True"/>
        <EditorIndex Value="12"/>
        <WindowIndex Value="1"/>
        <TopLine Value="635"/>
        <CursorPos X="40" Y="642"/>
        <UsageCount Value="51"/>
        <Bookmarks Count="1">
          <Item0 X="38" Y="92"/>
        </Bookmarks>
        <Loaded Value="True"/>
      </Unit85>
    </Units>
    <JumpHistory Count="30" HistoryIndex="29">
      <Position1>
        <Filename Value="Units\u_resourcestring.pas"/>
        <Caret Line="191" Column="31" TopLine="172"/>
      </Position1>
      <Position2>
        <Filename Value="Units\u_resourcestring.pas"/>
        <Caret Line="192" Column="10" TopLine="172"/>
      </Position2>
      <Position3>
        <Filename Value="Units\u_screen_map.pas"/>
        <Caret Line="375" Column="29" TopLine="362"/>
      </Position3>
      <Position4>
        <Filename Value="Units\u_screen_map.pas"/>
        <Caret Line="117" Column="25" TopLine="108"/>
      </Position4>
      <Position5>
        <Filename Value="Units\u_app.pas"/>
        <Caret Line="194" Column="18" TopLine="180"/>
      </Position5>
      <Position6>
        <Filename Value="Units\u_app.pas"/>
        <Caret Line="1240" Column="12" TopLine="1231"/>
      </Position6>
      <Position7>
        <Filename Value="Units\u_app.pas"/>
        <Caret Line="110" Column="23" TopLine="94"/>
      </Position7>
      <Position8>
        <Filename Value="Units\u_app.pas"/>
        <Caret Line="1335" Column="44" TopLine="1332"/>
      </Position8>
      <Position9>
        <Filename Value="Units\u_app.pas"/>
        <Caret Line="107" Column="27" TopLine="100"/>
      </Position9>
      <Position10>
        <Filename Value="Units\u_app.pas"/>
        <Caret Line="1324" Column="3" TopLine="1322"/>
      </Position10>
      <Position11>
        <Filename Value="Units\u_app.pas"/>
        <Caret Line="111" Column="17" TopLine="100"/>
      </Position11>
      <Position12>
        <Filename Value="Units\u_app.pas"/>
        <Caret Line="1343" Column="63" TopLine="1333"/>
      </Position12>
      <Position13>
        <Filename Value="Units\u_app.pas"/>
        <Caret Line="114" Column="18" TopLine="99"/>
      </Position13>
      <Position14>
        <Filename Value="Units\u_app.pas"/>
        <Caret Line="1349" Column="3" TopLine="1347"/>
      </Position14>
      <Position15>
        <Filename Value="Units\u_app.pas"/>
        <Caret Line="196" Column="21" TopLine="186"/>
      </Position15>
      <Position16>
        <Filename Value="Units\u_app.pas"/>
        <Caret Line="1244" Column="48" TopLine="1239"/>
      </Position16>
      <Position17>
        <Filename Value="Units\u_app.pas"/>
        <Caret Line="196" Column="18" TopLine="187"/>
      </Position17>
      <Position18>
        <Filename Value="Units\u_app.pas"/>
        <Caret Line="1242" Column="34" TopLine="1239"/>
      </Position18>
      <Position19>
        <Filename Value="Units\u_app.pas"/>
        <Caret Line="196" Column="18" TopLine="177"/>
      </Position19>
      <Position20>
        <Filename Value="Units\u_app.pas"/>
        <Caret Line="1246" TopLine="1241"/>
      </Position20>
      <Position21>
        <Filename Value="Units\u_app.pas"/>
        <Caret Line="231" Column="17" TopLine="222"/>
      </Position21>
      <Position22>
        <Filename Value="Units\u_app.pas"/>
        <Caret Line="1192" Column="51" TopLine="1189"/>
      </Position22>
      <Position23>
        <Filename Value="Units\u_app.pas"/>
        <Caret Line="231" Column="19" TopLine="218"/>
      </Position23>
      <Position24>
        <Filename Value="Units\u_app.pas"/>
        <Caret Line="1193" Column="10" TopLine="1190"/>
      </Position24>
      <Position25>
        <Filename Value="Units\u_app.pas"/>
        <Caret Line="274" Column="17" TopLine="260"/>
      </Position25>
      <Position26>
        <Filename Value="Units\u_app.pas"/>
        <Caret Line="987" Column="45" TopLine="984"/>
      </Position26>
      <Position27>
        <Filename Value="Units\u_app.pas"/>
        <Caret Line="274" Column="19" TopLine="261"/>
      </Position27>
      <Position28>
        <Filename Value="Units\u_app.pas"/>
        <Caret Line="989" Column="8" TopLine="985"/>
      </Position28>
      <Position29>
        <Filename Value="Units\u_app.pas"/>
        <Caret Line="311" Column="20" TopLine="303"/>
      </Position29>
      <Position30>
        <Filename Value="Units\u_app.pas"/>
        <Caret Line="1072" Column="35" TopLine="1070"/>
      </Position30>
    </JumpHistory>
  </ProjectOptions>
  <CompilerOptions>
    <Version Value="11"/>
    <PathDelim Value="\"/>
    <Target>
      <Filename Value="Binary\LittleRedRidingHood"/>
    </Target>
    <SearchPaths>
      <IncludeFiles Value="$(ProjOutDir)"/>
      <OtherUnitFiles Value="..\UnitsCommon;Units;..\OGLCScene\source;..\ALSound\source"/>
      <UnitOutputDirectory Value="lib\$(TargetCPU)-$(TargetOS)"/>
    </SearchPaths>
    <Parsing>
      <SyntaxOptions>
        <IncludeAssertionCode Value="True"/>
      </SyntaxOptions>
    </Parsing>
    <CodeGeneration>
      <Checks>
        <IOChecks Value="True"/>
        <RangeChecks Value="True"/>
        <OverflowChecks Value="True"/>
        <StackChecks Value="True"/>
      </Checks>
      <VerifyObjMethodCallValidity Value="True"/>
      <Optimizations>
        <VariablesInRegisters Value="True"/>
      </Optimizations>
    </CodeGeneration>
    <Linking>
      <Debugging>
        <DebugInfoType Value="dsDwarf3"/>
        <UseHeaptrc Value="True"/>
        <TrashVariables Value="True"/>
        <UseExternalDbgSyms Value="True"/>
      </Debugging>
      <Options>
        <Win32>
          <GraphicApplication Value="True"/>
        </Win32>
      </Options>
    </Linking>
  </CompilerOptions>
  <Debugging>
    <Exceptions Count="3">
      <Item1>
        <Name Value="EAbort"/>
      </Item1>
      <Item2>
        <Name Value="ECodetoolError"/>
      </Item2>
      <Item3>
        <Name Value="EFOpenError"/>
      </Item3>
    </Exceptions>
  </Debugging>
</CONFIG>
