<?xml version="1.0" encoding="UTF-8"?>
<CONFIG>
  <ProjectOptions>
    <Version Value="12"/>
    <PathDelim Value="\"/>
    <General>
      <Flags>
        <CompatibilityMode Value="True"/>
      </Flags>
      <Title Value="LittleRedRidingHood"/>
      <ResourceType Value="res"/>
    </General>
    <i18n>
      <EnableI18N Value="True" LFM="False"/>
      <OutDir Value="Binary\Data\Languages"/>
    </i18n>
    <VersionInfo>
      <UseVersionInfo Value="True"/>
      <MinorVersionNr Value="2"/>
    </VersionInfo>
    <BuildModes Count="2" Active="Debug">
      <Item1 Name="Debug" Default="True"/>
      <Item2 Name="Release">
        <CompilerOptions>
          <Version Value="11"/>
          <PathDelim Value="\"/>
          <Target>
            <Filename Value="Binary\LittleRedRidingHood"/>
          </Target>
          <SearchPaths>
            <IncludeFiles Value="$(ProjOutDir)"/>
            <OtherUnitFiles Value="..\UnitsCommon;Units;..\OGLCScene\source;..\ALSound\source"/>
            <UnitOutputDirectory Value="lib\$(TargetCPU)-$(TargetOS)"/>
          </SearchPaths>
          <CodeGeneration>
            <SmartLinkUnit Value="True"/>
            <Optimizations>
              <OptimizationLevel Value="3"/>
              <VariablesInRegisters Value="True"/>
            </Optimizations>
          </CodeGeneration>
          <Linking>
            <Debugging>
              <GenerateDebugInfo Value="False"/>
              <DebugInfoType Value="dsDwarf2Set"/>
              <TrashVariables Value="True"/>
              <StripSymbols Value="True"/>
            </Debugging>
            <LinkSmart Value="True"/>
            <Options>
              <Win32>
                <GraphicApplication Value="True"/>
              </Win32>
            </Options>
          </Linking>
        </CompilerOptions>
      </Item2>
    </BuildModes>
    <PublishOptions>
      <Version Value="2"/>
    </PublishOptions>
    <RunParams>
      <FormatVersion Value="2"/>
      <Modes Count="1">
        <Mode0 Name="default"/>
      </Modes>
    </RunParams>
    <RequiredPackages Count="4">
      <Item1>
        <PackageName Value="LazOpenGLContext"/>
      </Item1>
      <Item2>
        <PackageName Value="BGRABitmapPack"/>
        <MinVersion Major="9" Valid="True"/>
      </Item2>
      <Item3>
        <PackageName Value="LazUtils"/>
      </Item3>
      <Item4>
        <PackageName Value="LCL"/>
      </Item4>
    </RequiredPackages>
    <Units Count="77">
      <Unit0>
        <Filename Value="LittleRedRidingHood.lpr"/>
        <IsPartOfProject Value="True"/>
        <EditorIndex Value="24"/>
        <CursorPos X="40" Y="7"/>
        <UsageCount Value="200"/>
        <Loaded Value="True"/>
      </Unit0>
      <Unit1>
        <Filename Value="Units\form_main.pas"/>
        <IsPartOfProject Value="True"/>
        <ComponentName Value="FormMain"/>
        <HasResources Value="True"/>
        <ResourceBaseClass Value="Form"/>
        <TopLine Value="103"/>
        <CursorPos X="34" Y="117"/>
        <UsageCount Value="200"/>
        <Loaded Value="True"/>
        <LoadedDesigner Value="True"/>
      </Unit1>
      <Unit2>
        <Filename Value="Units\u_screen_title.pas"/>
        <IsPartOfProject Value="True"/>
        <EditorIndex Value="6"/>
        <WindowIndex Value="1"/>
        <TopLine Value="240"/>
        <CursorPos X="50" Y="262"/>
        <UsageCount Value="204"/>
        <Loaded Value="True"/>
      </Unit2>
      <Unit3>
        <Filename Value="Units\u_common.pas"/>
        <IsPartOfProject Value="True"/>
        <EditorIndex Value="22"/>
        <CursorPos X="21" Y="14"/>
        <UsageCount Value="200"/>
        <Loaded Value="True"/>
      </Unit3>
      <Unit4>
        <Filename Value="Units\u_app.pas"/>
        <IsPartOfProject Value="True"/>
        <EditorIndex Value="20"/>
        <TopLine Value="31"/>
        <CursorPos X="90" Y="49"/>
        <UsageCount Value="200"/>
        <Loaded Value="True"/>
      </Unit4>
      <Unit5>
        <Filename Value="Units\u_sprite_lrcommon.pas"/>
        <IsPartOfProject Value="True"/>
        <EditorIndex Value="4"/>
        <TopLine Value="338"/>
        <CursorPos X="26" Y="343"/>
        <UsageCount Value="200"/>
        <Loaded Value="True"/>
      </Unit5>
      <Unit6>
        <Filename Value="Units\u_sprite_wolf.pas"/>
        <IsPartOfProject Value="True"/>
        <EditorIndex Value="12"/>
        <TopLine Value="103"/>
        <CursorPos X="75" Y="108"/>
        <UsageCount Value="203"/>
        <Loaded Value="True"/>
      </Unit6>
      <Unit7>
        <Filename Value="Units\u_screen_gameforest.pas"/>
        <IsPartOfProject Value="True"/>
        <EditorIndex Value="1"/>
        <WindowIndex Value="1"/>
        <TopLine Value="269"/>
        <CursorPos X="3" Y="260"/>
        <UsageCount Value="200"/>
        <Loaded Value="True"/>
      </Unit7>
      <Unit8>
        <Filename Value="Units\u_sprite_gameforest.pas"/>
        <IsPartOfProject Value="True"/>
        <WindowIndex Value="1"/>
        <TopLine Value="199"/>
        <CursorPos X="76" Y="230"/>
        <UsageCount Value="208"/>
        <Loaded Value="True"/>
      </Unit8>
      <Unit9>
        <Filename Value="Units\geometricshapes.pas"/>
        <UnitName Value="GeometricShapes"/>
        <EditorIndex Value="2"/>
        <WindowIndex Value="1"/>
        <TopLine Value="51"/>
        <CursorPos X="59" Y="58"/>
        <UsageCount Value="100"/>
        <Loaded Value="True"/>
      </Unit9>
      <Unit10>
        <Filename Value="Units\screen_logo.pas"/>
        <IsPartOfProject Value="True"/>
        <EditorIndex Value="5"/>
        <WindowIndex Value="1"/>
        <TopLine Value="123"/>
        <CursorPos X="9" Y="138"/>
        <UsageCount Value="201"/>
        <Loaded Value="True"/>
      </Unit10>
      <Unit11>
        <Filename Value="Units\u_common_ui.pas"/>
        <IsPartOfProject Value="True"/>
        <EditorIndex Value="19"/>
        <TopLine Value="166"/>
        <CursorPos X="18" Y="189"/>
        <UsageCount Value="200"/>
        <Loaded Value="True"/>
      </Unit11>
      <Unit12>
        <Filename Value="Units\u_gamebackground.pas"/>
        <IsPartOfProject Value="True"/>
        <EditorIndex Value="2"/>
        <TopLine Value="72"/>
        <CursorPos X="18" Y="87"/>
        <UsageCount Value="205"/>
        <Loaded Value="True"/>
      </Unit12>
      <Unit13>
        <Filename Value="Units\u_resourcestring.pas"/>
        <IsPartOfProject Value="True"/>
        <EditorIndex Value="4"/>
        <WindowIndex Value="1"/>
        <TopLine Value="122"/>
        <CursorPos X="12" Y="136"/>
        <UsageCount Value="201"/>
        <Loaded Value="True"/>
      </Unit13>
      <Unit14>
        <Filename Value="Units\u_screen_map.pas"/>
        <IsPartOfProject Value="True"/>
        <EditorIndex Value="14"/>
        <TopLine Value="20"/>
        <CursorPos X="48" Y="36"/>
        <UsageCount Value="200"/>
        <Loaded Value="True"/>
      </Unit14>
      <Unit15>
        <Filename Value="Units\u_ui_panels.pas"/>
        <IsPartOfProject Value="True"/>
        <EditorIndex Value="16"/>
        <TopLine Value="179"/>
        <CursorPos X="40" Y="186"/>
        <UsageCount Value="200"/>
        <Bookmarks Count="1">
          <Item0 X="2" Y="824"/>
        </Bookmarks>
        <Loaded Value="True"/>
      </Unit15>
      <Unit16>
        <Filename Value="Units\u_audio.pas"/>
        <IsPartOfProject Value="True"/>
        <IsVisibleTab Value="True"/>
        <EditorIndex Value="1"/>
        <TopLine Value="172"/>
        <CursorPos X="99" Y="183"/>
        <UsageCount Value="200"/>
        <Loaded Value="True"/>
      </Unit16>
      <Unit17>
        <Filename Value="..\ALSound\source\alsound.pas"/>
        <UnitName Value="ALSound"/>
        <EditorIndex Value="19"/>
        <WindowIndex Value="2"/>
        <TopLine Value="78"/>
        <CursorPos X="14" Y="90"/>
        <UsageCount Value="100"/>
        <Loaded Value="True"/>
      </Unit17>
      <Unit18>
        <Filename Value="Units\u_screen_workshop.pas"/>
        <IsPartOfProject Value="True"/>
        <EditorIndex Value="23"/>
        <TopLine Value="399"/>
        <CursorPos X="20" Y="412"/>
        <UsageCount Value="200"/>
        <Loaded Value="True"/>
      </Unit18>
      <Unit19>
        <Filename Value="Units\u_mousepointer.pas"/>
        <IsPartOfProject Value="True"/>
        <EditorIndex Value="21"/>
        <TopLine Value="12"/>
        <CursorPos X="8" Y="29"/>
        <UsageCount Value="200"/>
        <Loaded Value="True"/>
      </Unit19>
      <Unit20>
        <Filename Value="Units\u_screen_gamemountainpeaks.pas"/>
        <IsPartOfProject Value="True"/>
        <EditorIndex Value="3"/>
        <WindowIndex Value="1"/>
        <TopLine Value="37"/>
        <CursorPos X="30" Y="58"/>
        <UsageCount Value="203"/>
        <Loaded Value="True"/>
      </Unit20>
      <Unit21>
        <Filename Value="Units\u_screen_gamevolcanoentrance.pas"/>
        <IsPartOfProject Value="True"/>
        <EditorIndex Value="8"/>
        <TopLine Value="452"/>
        <CursorPos X="16" Y="461"/>
        <UsageCount Value="200"/>
        <Loaded Value="True"/>
      </Unit21>
      <Unit22>
        <Filename Value="Units\u_sprite_lr4dir.pas"/>
        <IsPartOfProject Value="True"/>
        <EditorIndex Value="3"/>
        <TopLine Value="79"/>
        <CursorPos Y="92"/>
        <UsageCount Value="200"/>
        <Loaded Value="True"/>
      </Unit22>
      <Unit23>
        <Filename Value="Units\u_screen_gamevolcanoinner.pas"/>
        <IsPartOfProject Value="True"/>
        <EditorIndex Value="7"/>
        <TopLine Value="2386"/>
        <CursorPos Y="369"/>
        <UsageCount Value="225"/>
        <Loaded Value="True"/>
      </Unit23>
      <Unit24>
        <Filename Value="..\OGLCScene\source\OGLCScene.pas"/>
        <WindowIndex Value="2"/>
        <TopLine Value="158"/>
        <CursorPos X="18" Y="170"/>
        <UsageCount Value="102"/>
        <Loaded Value="True"/>
      </Unit24>
      <Unit25>
        <Filename Value="..\OGLCScene\source\oglcUtils.inc"/>
        <EditorIndex Value="15"/>
        <WindowIndex Value="2"/>
        <TopLine Value="165"/>
        <CursorPos X="12" Y="178"/>
        <UsageCount Value="102"/>
        <Loaded Value="True"/>
      </Unit25>
      <Unit26>
        <Filename Value="..\ALSound\source\als_frame_buffers.inc"/>
        <EditorIndex Value="-1"/>
        <WindowIndex Value="2"/>
        <TopLine Value="10"/>
        <CursorPos X="15" Y="23"/>
        <UsageCount Value="86"/>
      </Unit26>
      <Unit27>
        <Filename Value="..\ALSound\source\eaxreverbpresets.inc"/>
        <EditorIndex Value="-1"/>
        <WindowIndex Value="2"/>
        <TopLine Value="3024"/>
        <CursorPos X="49" Y="3035"/>
        <UsageCount Value="52"/>
      </Unit27>
      <Unit28>
        <Filename Value="..\ALSound\source\als_effectpresets.inc"/>
        <EditorIndex Value="20"/>
        <WindowIndex Value="2"/>
        <TopLine Value="1038"/>
        <CursorPos X="51" Y="1056"/>
        <UsageCount Value="101"/>
        <Loaded Value="True"/>
      </Unit28>
      <Unit29>
        <Filename Value="..\OGLCScene\source\oglcUIScrollable.inc"/>
        <EditorIndex Value="14"/>
        <WindowIndex Value="2"/>
        <TopLine Value="446"/>
        <CursorPos X="26" Y="459"/>
        <UsageCount Value="101"/>
        <Loaded Value="True"/>
      </Unit29>
      <Unit30>
        <Filename Value="..\OGLCScene\source\oglcVelocityCurve.inc"/>
        <EditorIndex Value="12"/>
        <WindowIndex Value="2"/>
        <TopLine Value="860"/>
        <CursorPos Y="875"/>
        <UsageCount Value="100"/>
        <Loaded Value="True"/>
      </Unit30>
      <Unit31>
        <Filename Value="..\OGLCScene\source\oglcSurface.inc"/>
        <EditorIndex Value="21"/>
        <WindowIndex Value="2"/>
        <TopLine Value="279"/>
        <CursorPos X="85" Y="290"/>
        <UsageCount Value="100"/>
        <Loaded Value="True"/>
      </Unit31>
      <Unit32>
        <Filename Value="..\OGLCScene\source\oglcUI.inc"/>
        <EditorIndex Value="13"/>
        <WindowIndex Value="2"/>
        <TopLine Value="20"/>
        <CursorPos X="59" Y="30"/>
        <UsageCount Value="100"/>
        <Loaded Value="True"/>
      </Unit32>
      <Unit33>
        <Filename Value="..\OGLCScene\source\oglcSpriteTemplate.inc"/>
        <EditorIndex Value="4"/>
        <WindowIndex Value="2"/>
        <TopLine Value="134"/>
        <CursorPos X="13" Y="147"/>
        <UsageCount Value="100"/>
        <Loaded Value="True"/>
      </Unit33>
      <Unit34>
        <Filename Value="..\OGLCScene\source\oglcTileEngine.inc"/>
        <EditorIndex Value="-1"/>
        <WindowIndex Value="2"/>
        <TopLine Value="329"/>
        <CursorPos X="40" Y="354"/>
        <UsageCount Value="92"/>
      </Unit34>
      <Unit35>
        <Filename Value="Units\u_screen_gamevolcanodino.pas"/>
        <IsPartOfProject Value="True"/>
        <EditorIndex Value="9"/>
        <TopLine Value="1307"/>
        <CursorPos X="36" Y="1330"/>
        <UsageCount Value="202"/>
        <Loaded Value="True"/>
      </Unit35>
      <Unit36>
        <Filename Value="..\OGLCScene\source\oglcTexturedFont.inc"/>
        <EditorIndex Value="11"/>
        <WindowIndex Value="2"/>
        <TopLine Value="61"/>
        <CursorPos X="23" Y="74"/>
        <UsageCount Value="100"/>
        <Loaded Value="True"/>
      </Unit36>
      <Unit37>
        <Filename Value="..\OGLCScene\source\oglcType.inc"/>
        <EditorIndex Value="6"/>
        <WindowIndex Value="2"/>
        <TopLine Value="283"/>
        <CursorPos X="3" Y="285"/>
        <UsageCount Value="100"/>
        <Loaded Value="True"/>
      </Unit37>
      <Unit38>
        <Filename Value="..\OGLCScene\source\oglcUIModalPanel.inc"/>
        <EditorIndex Value="22"/>
        <WindowIndex Value="2"/>
        <TopLine Value="117"/>
        <CursorPos X="17" Y="128"/>
        <UsageCount Value="100"/>
        <Loaded Value="True"/>
      </Unit38>
      <Unit39>
        <Filename Value="..\OGLCScene\source\oglcTexture.inc"/>
        <EditorIndex Value="25"/>
        <WindowIndex Value="2"/>
        <TopLine Value="400"/>
        <CursorPos X="38" Y="404"/>
        <UsageCount Value="103"/>
        <Loaded Value="True"/>
      </Unit39>
      <Unit40>
        <Filename Value="..\OGLCScene\source\oglcDeformationGrid.inc"/>
        <EditorIndex Value="23"/>
        <WindowIndex Value="2"/>
        <CursorPos X="34" Y="8"/>
        <UsageCount Value="100"/>
        <Loaded Value="True"/>
      </Unit40>
      <Unit41>
        <Filename Value="..\OGLCScene\source\oglcParticle.inc"/>
        <EditorIndex Value="17"/>
        <WindowIndex Value="2"/>
        <TopLine Value="497"/>
        <CursorPos Y="510"/>
        <UsageCount Value="100"/>
        <Loaded Value="True"/>
      </Unit41>
      <Unit42>
        <Filename Value="..\OGLCScene\source\gl_core_matrix.inc"/>
        <EditorIndex Value="8"/>
        <WindowIndex Value="2"/>
        <TopLine Value="11"/>
        <CursorPos X="55" Y="26"/>
        <UsageCount Value="100"/>
        <Loaded Value="True"/>
      </Unit42>
      <Unit43>
        <Filename Value="..\OGLCScene\source\oglcLayer.inc"/>
        <EditorIndex Value="16"/>
        <WindowIndex Value="2"/>
        <TopLine Value="103"/>
        <CursorPos X="31" Y="122"/>
        <UsageCount Value="100"/>
        <Loaded Value="True"/>
      </Unit43>
      <Unit44>
        <Filename Value="C:\Users\JLS\AppData\Local\lazarus\onlinepackagemanager\packages\BGRABitmap\bgrabitmap\bgrasvg.pas"/>
        <UnitName Value="BGRASVG"/>
        <EditorIndex Value="-1"/>
        <WindowIndex Value="2"/>
        <TopLine Value="211"/>
        <CursorPos X="15" Y="224"/>
        <UsageCount Value="79"/>
      </Unit44>
      <Unit45>
        <Filename Value="..\OGLCScene\source\oglcPath.inc"/>
        <EditorIndex Value="24"/>
        <WindowIndex Value="2"/>
        <TopLine Value="128"/>
        <CursorPos X="23" Y="141"/>
        <UsageCount Value="100"/>
        <Loaded Value="True"/>
      </Unit45>
      <Unit46>
        <Filename Value="Units\u_sprite_def.pas"/>
        <IsPartOfProject Value="True"/>
        <EditorIndex Value="5"/>
        <TopLine Value="1877"/>
        <CursorPos X="41" Y="1889"/>
        <UsageCount Value="200"/>
        <Loaded Value="True"/>
      </Unit46>
      <Unit47>
        <Filename Value="..\OGLCScene\source\oglcCamera.inc"/>
        <EditorIndex Value="7"/>
        <WindowIndex Value="2"/>
        <TopLine Value="27"/>
        <CursorPos X="13" Y="40"/>
        <UsageCount Value="101"/>
        <Loaded Value="True"/>
      </Unit47>
      <Unit48>
        <Filename Value="..\OGLCScene\source\oglcTextureAtlas.inc"/>
        <EditorIndex Value="18"/>
        <WindowIndex Value="2"/>
        <TopLine Value="111"/>
        <CursorPos X="2" Y="133"/>
        <UsageCount Value="100"/>
        <Loaded Value="True"/>
      </Unit48>
      <Unit49>
        <Filename Value="..\OGLCScene\source\glcorearb.pas"/>
        <EditorIndex Value="-1"/>
        <WindowIndex Value="2"/>
        <TopLine Value="3089"/>
        <CursorPos X="3" Y="3108"/>
        <UsageCount Value="86"/>
      </Unit49>
      <Unit50>
        <Filename Value="..\OGLCScene\source\oglcMultiRendererFactory.inc"/>
        <EditorIndex Value="3"/>
        <WindowIndex Value="2"/>
        <TopLine Value="902"/>
        <CursorPos X="42" Y="914"/>
        <UsageCount Value="101"/>
        <Loaded Value="True"/>
      </Unit50>
      <Unit51>
        <Filename Value="Units\u_gamescreentemplate.pas"/>
        <IsPartOfProject Value="True"/>
        <EditorIndex Value="17"/>
        <TopLine Value="150"/>
        <CursorPos X="3" Y="153"/>
        <UsageCount Value="200"/>
        <Loaded Value="True"/>
      </Unit51>
      <Unit52>
        <Filename Value="Units\u_weather_effects.pas"/>
        <IsPartOfProject Value="True"/>
        <EditorIndex Value="18"/>
        <TopLine Value="10"/>
        <CursorPos X="15" Y="24"/>
        <UsageCount Value="200"/>
        <Loaded Value="True"/>
      </Unit52>
      <Unit53>
        <Filename Value="Units\u_lr4_usable_object.pas"/>
        <IsPartOfProject Value="True"/>
        <EditorIndex Value="6"/>
        <TopLine Value="66"/>
        <CursorPos X="22" Y="84"/>
        <UsageCount Value="203"/>
        <Loaded Value="True"/>
      </Unit53>
      <Unit54>
        <Filename Value="Units\u_utils.pas"/>
        <IsPartOfProject Value="True"/>
        <EditorIndex Value="15"/>
        <TopLine Value="34"/>
        <CursorPos X="13" Y="47"/>
        <UsageCount Value="201"/>
        <Loaded Value="True"/>
      </Unit54>
      <Unit55>
        <Filename Value="..\OGLCScene\source\oglcShader.inc"/>
        <EditorIndex Value="5"/>
        <WindowIndex Value="2"/>
        <TopLine Value="68"/>
        <CursorPos Y="81"/>
        <UsageCount Value="101"/>
        <Loaded Value="True"/>
      </Unit55>
      <Unit56>
        <Filename Value="..\OGLCScene\source\oglcUIClipping.inc"/>
        <EditorIndex Value="2"/>
        <WindowIndex Value="2"/>
        <TopLine Value="28"/>
        <CursorPos X="33" Y="39"/>
        <UsageCount Value="100"/>
        <Loaded Value="True"/>
      </Unit56>
      <Unit57>
        <Filename Value="..\OGLCScene\source\oglcScreenTemplate.inc"/>
        <EditorIndex Value="-1"/>
        <WindowIndex Value="2"/>
        <TopLine Value="10"/>
        <CursorPos X="23" Y="12"/>
        <UsageCount Value="91"/>
      </Unit57>
      <Unit58>
        <Filename Value="Units\u_sprite_granny.pas"/>
        <IsPartOfProject Value="True"/>
        <EditorIndex Value="13"/>
        <TopLine Value="21"/>
        <CursorPos Y="34"/>
        <UsageCount Value="200"/>
        <Loaded Value="True"/>
      </Unit58>
      <Unit59>
        <Filename Value="Units\u_screen_intro.pas"/>
        <IsPartOfProject Value="True"/>
        <EditorIndex Value="11"/>
        <TopLine Value="410"/>
        <CursorPos X="26" Y="425"/>
        <UsageCount Value="210"/>
        <Loaded Value="True"/>
      </Unit59>
      <Unit60>
        <Filename Value="C:\lazarus\fpc\3.2.2\source\rtl\objpas\classes\classesh.inc"/>
        <EditorIndex Value="-1"/>
        <WindowIndex Value="2"/>
        <TopLine Value="183"/>
        <CursorPos X="58" Y="195"/>
        <UsageCount Value="7"/>
      </Unit60>
      <Unit61>
        <Filename Value="..\OGLCScene\source\oglcEnvironment.inc"/>
        <EditorIndex Value="10"/>
        <TopLine Value="62"/>
        <CursorPos Y="65"/>
        <UsageCount Value="68"/>
        <Loaded Value="True"/>
      </Unit61>
      <Unit62>
        <Filename Value="..\OGLCScene\source\oglcFreeText.inc"/>
        <EditorIndex Value="10"/>
        <WindowIndex Value="2"/>
        <TopLine Value="102"/>
        <CursorPos X="64" Y="117"/>
        <UsageCount Value="101"/>
        <Loaded Value="True"/>
      </Unit62>
      <Unit63>
        <Filename Value="..\OGLCScene\source\oglcAlignText.inc"/>
        <EditorIndex Value="9"/>
        <WindowIndex Value="2"/>
        <TopLine Value="80"/>
        <CursorPos Y="83"/>
        <UsageCount Value="101"/>
        <Loaded Value="True"/>
      </Unit63>
      <Unit64>
        <Filename Value="C:\lazarus\fpc\3.2.2\source\rtl\inc\typshrdh.inc"/>
        <EditorIndex Value="-1"/>
        <WindowIndex Value="2"/>
        <TopLine Value="124"/>
        <CursorPos X="18" Y="136"/>
        <UsageCount Value="17"/>
      </Unit64>
      <Unit65>
        <Filename Value="..\ALSound\source\als_loop_descriptor.inc"/>
        <EditorIndex Value="-1"/>
        <WindowIndex Value="2"/>
        <CursorPos X="17" Y="12"/>
        <UsageCount Value="16"/>
      </Unit65>
      <Unit66>
        <Filename Value="..\ALSound\source\als_error.inc"/>
        <EditorIndex Value="-1"/>
        <WindowIndex Value="2"/>
        <CursorPos Y="125"/>
        <UsageCount Value="16"/>
      </Unit66>
      <Unit67>
        <Filename Value="..\ALSound\source\al.inc"/>
        <EditorIndex Value="-1"/>
        <WindowIndex Value="2"/>
        <TopLine Value="308"/>
        <CursorPos X="44" Y="321"/>
        <UsageCount Value="4"/>
      </Unit67>
      <Unit68>
        <Filename Value="..\ALSound\source\openalsoft.pas"/>
        <EditorIndex Value="-1"/>
        <WindowIndex Value="2"/>
        <TopLine Value="99"/>
        <CursorPos Y="119"/>
        <UsageCount Value="14"/>
      </Unit68>
      <Unit69>
        <Filename Value="..\ALSound\source\alext.inc"/>
        <EditorIndex Value="-1"/>
        <WindowIndex Value="2"/>
        <TopLine Value="126"/>
        <CursorPos X="30" Y="138"/>
        <UsageCount Value="1"/>
      </Unit69>
      <Unit70>
        <Filename Value="..\ALSound\source\als_dsp_utils.pas"/>
        <EditorIndex Value="-1"/>
        <WindowIndex Value="2"/>
        <TopLine Value="80"/>
        <CursorPos X="38" Y="94"/>
        <UsageCount Value="3"/>
      </Unit70>
      <Unit71>
        <Filename Value="..\ALSound\source\als_velocity_curve.inc"/>
        <EditorIndex Value="-1"/>
        <WindowIndex Value="2"/>
        <TopLine Value="98"/>
        <CursorPos X="26" Y="102"/>
        <UsageCount Value="7"/>
      </Unit71>
      <Unit72>
        <Filename Value="..\OGLCScene\source\oglcBorderAndFill.inc"/>
        <EditorIndex Value="-1"/>
        <WindowIndex Value="2"/>
        <TopLine Value="47"/>
        <CursorPos X="43" Y="63"/>
        <UsageCount Value="15"/>
      </Unit72>
      <Unit73>
        <Filename Value="C:\lazarus\lcl\include\control.inc"/>
        <EditorIndex Value="-1"/>
        <WindowIndex Value="2"/>
        <TopLine Value="4527"/>
        <CursorPos Y="4540"/>
        <UsageCount Value="4"/>
      </Unit73>
      <Unit74>
        <Filename Value="..\OGLCScene\source\oglcMessage.inc"/>
        <EditorIndex Value="-1"/>
        <TopLine Value="25"/>
        <CursorPos Y="38"/>
        <UsageCount Value="6"/>
      </Unit74>
      <Unit75>
        <Filename Value="C:\lazarus\lcl\include\winapih.inc"/>
        <EditorIndex Value="-1"/>
        <WindowIndex Value="2"/>
        <TopLine Value="337"/>
        <CursorPos X="10" Y="130"/>
        <UsageCount Value="7"/>
      </Unit75>
      <Unit76>
        <Filename Value="..\OGLCScene\source\oglcAppSaveUtils.inc"/>
        <EditorIndex Value="1"/>
        <WindowIndex Value="2"/>
        <TopLine Value="118"/>
        <CursorPos X="48" Y="121"/>
        <UsageCount Value="10"/>
        <Loaded Value="True"/>
      </Unit76>
    </Units>
    <JumpHistory Count="30" HistoryIndex="29">
      <Position1>
        <Filename Value="Units\u_screen_map.pas"/>
        <Caret Line="678" Column="4" TopLine="664"/>
      </Position1>
      <Position2>
        <Filename Value="Units\u_screen_map.pas"/>
        <Caret Line="50" Column="15" TopLine="48"/>
      </Position2>
      <Position3>
        <Filename Value="Units\u_screen_map.pas"/>
        <Caret Line="37" TopLine="19"/>
      </Position3>
      <Position4>
        <Filename Value="Units\u_screen_map.pas"/>
        <Caret Line="286" TopLine="273"/>
      </Position4>
      <Position5>
        <Filename Value="Units\u_screen_map.pas"/>
        <Caret Line="390" TopLine="377"/>
      </Position5>
      <Position6>
        <Filename Value="Units\u_screen_map.pas"/>
        <Caret Line="45" Column="13" TopLine="36"/>
      </Position6>
      <Position7>
        <Filename Value="Units\u_screen_map.pas"/>
        <Caret Line="372" Column="3" TopLine="368"/>
      </Position7>
      <Position8>
        <Filename Value="Units\u_screen_map.pas"/>
        <Caret Line="50" Column="14" TopLine="33"/>
      </Position8>
      <Position9>
        <Filename Value="Units\u_screen_map.pas"/>
        <Caret Line="696" Column="23" TopLine="675"/>
      </Position9>
      <Position10>
        <Filename Value="Units\u_screen_map.pas"/>
        <Caret Line="6" Column="11"/>
      </Position10>
      <Position11>
        <Filename Value="Units\u_screen_map.pas"/>
        <Caret Line="696" Column="36" TopLine="676"/>
      </Position11>
      <Position12>
        <Filename Value="Units\u_audio.pas"/>
        <Caret Line="248" Column="28" TopLine="233"/>
      </Position12>
      <Position13>
        <Filename Value="Units\u_audio.pas"/>
        <Caret Line="58" Column="16" TopLine="38"/>
      </Position13>
      <Position14>
        <Filename Value="Units\u_audio.pas"/>
        <Caret Line="277" Column="3" TopLine="274"/>
      </Position14>
      <Position15>
        <Filename Value="Units\u_audio.pas"/>
        <Caret Line="50" Column="26" TopLine="40"/>
      </Position15>
      <Position16>
        <Filename Value="Units\u_audio.pas"/>
        <Caret Line="245" Column="3" TopLine="242"/>
      </Position16>
      <Position17>
        <Filename Value="Units\u_audio.pas"/>
        <Caret Line="58" Column="16" TopLine="38"/>
      </Position17>
      <Position18>
        <Filename Value="Units\u_audio.pas"/>
        <Caret Line="279" Column="25" TopLine="274"/>
      </Position18>
      <Position19>
        <Filename Value="Units\u_audio.pas"/>
        <Caret Line="50" Column="19" TopLine="47"/>
      </Position19>
      <Position20>
        <Filename Value="Units\u_audio.pas"/>
        <Caret Line="246" Column="21" TopLine="241"/>
      </Position20>
      <Position21>
        <Filename Value="Units\u_audio.pas"/>
        <Caret Line="58" Column="16" TopLine="51"/>
      </Position21>
      <Position22>
        <Filename Value="Units\u_audio.pas"/>
        <Caret Line="278" Column="3" TopLine="274"/>
      </Position22>
      <Position23>
        <Filename Value="Units\u_audio.pas"/>
        <Caret Line="50" Column="12" TopLine="47"/>
      </Position23>
      <Position24>
        <Filename Value="..\OGLCScene\source\oglcTexture.inc"/>
        <Caret Line="404" Column="38" TopLine="400"/>
      </Position24>
      <Position25>
        <Filename Value="Units\u_sprite_def.pas"/>
        <Caret Line="1053" Column="41" TopLine="1041"/>
      </Position25>
      <Position26>
        <Filename Value="Units\u_audio.pas"/>
        <Caret Line="247" Column="31" TopLine="241"/>
      </Position26>
      <Position27>
        <Filename Value="Units\u_audio.pas"/>
        <Caret Line="41" Column="17" TopLine="29"/>
      </Position27>
      <Position28>
        <Filename Value="..\OGLCScene\source\OGLCScene.pas"/>
        <Caret Line="170" Column="18" TopLine="158"/>
      </Position28>
      <Position29>
        <Filename Value="..\OGLCScene\source\oglcAppSaveUtils.inc"/>
        <Caret Line="8" Column="30"/>
      </Position29>
      <Position30>
        <Filename Value="Units\u_audio.pas"/>
        <Caret Line="184" Column="31" TopLine="172"/>
      </Position30>
    </JumpHistory>
  </ProjectOptions>
  <CompilerOptions>
    <Version Value="11"/>
    <PathDelim Value="\"/>
    <Target>
      <Filename Value="Binary\LittleRedRidingHood"/>
    </Target>
    <SearchPaths>
      <IncludeFiles Value="$(ProjOutDir)"/>
      <OtherUnitFiles Value="..\UnitsCommon;Units;..\OGLCScene\source;..\ALSound\source"/>
      <UnitOutputDirectory Value="lib\$(TargetCPU)-$(TargetOS)"/>
    </SearchPaths>
    <Parsing>
      <SyntaxOptions>
        <IncludeAssertionCode Value="True"/>
      </SyntaxOptions>
    </Parsing>
    <CodeGeneration>
      <Checks>
        <IOChecks Value="True"/>
        <RangeChecks Value="True"/>
        <OverflowChecks Value="True"/>
        <StackChecks Value="True"/>
      </Checks>
      <VerifyObjMethodCallValidity Value="True"/>
      <Optimizations>
        <VariablesInRegisters Value="True"/>
      </Optimizations>
    </CodeGeneration>
    <Linking>
      <Debugging>
        <DebugInfoType Value="dsDwarf2"/>
        <UseHeaptrc Value="True"/>
        <TrashVariables Value="True"/>
        <UseExternalDbgSyms Value="True"/>
      </Debugging>
      <Options>
        <Win32>
          <GraphicApplication Value="True"/>
        </Win32>
      </Options>
    </Linking>
  </CompilerOptions>
  <Debugging>
    <BreakPoints Count="1">
      <Item1>
        <Kind Value="bpkSource"/>
        <WatchScope Value="wpsLocal"/>
        <WatchKind Value="wpkWrite"/>
        <Source Value="..\OGLCScene\source\oglcUI.inc"/>
        <Line Value="2450"/>
      </Item1>
    </BreakPoints>
    <Exceptions Count="3">
      <Item1>
        <Name Value="EAbort"/>
      </Item1>
      <Item2>
        <Name Value="ECodetoolError"/>
      </Item2>
      <Item3>
        <Name Value="EFOpenError"/>
      </Item3>
    </Exceptions>
  </Debugging>
</CONFIG>
